// !$*UTF8*$!
{
	archiveVersion = 1;
	classes = {
	};
	objectVersion = 55;
	objects = {

/* Begin PBXBuildFile section */
		721DE0A227F2E7D4000479EA /* BadgeSymbol.swift in Sources */ = {isa = PBXBuildFile; fileRef = 721DE0A127F2E7D4000479EA /* BadgeSymbol.swift */; };
		721DE0A427F2ECF2000479EA /* RotatedBadgeSymbol.swift in Sources */ = {isa = PBXBuildFile; fileRef = 721DE0A327F2ECF2000479EA /* RotatedBadgeSymbol.swift */; };
		721DE0A627F2F0C7000479EA /* Badge.swift in Sources */ = {isa = PBXBuildFile; fileRef = 721DE0A527F2F0C7000479EA /* Badge.swift */; };
		721DE0A927F2F866000479EA /* hikeData.json in Resources */ = {isa = PBXBuildFile; fileRef = 721DE0A827F2F866000479EA /* hikeData.json */; };
		721DE0AB27F2F884000479EA /* Hike.swift in Sources */ = {isa = PBXBuildFile; fileRef = 721DE0AA27F2F884000479EA /* Hike.swift */; };
		721DE0B127F2FACA000479EA /* GraphCapsule.swift in Sources */ = {isa = PBXBuildFile; fileRef = 721DE0AD27F2FACA000479EA /* GraphCapsule.swift */; };
		721DE0B227F2FACA000479EA /* HikeGraph.swift in Sources */ = {isa = PBXBuildFile; fileRef = 721DE0AE27F2FACA000479EA /* HikeGraph.swift */; };
		721DE0B327F2FACA000479EA /* HikeDetail.swift in Sources */ = {isa = PBXBuildFile; fileRef = 721DE0AF27F2FACA000479EA /* HikeDetail.swift */; };
		721DE0B427F2FACA000479EA /* HikeView.swift in Sources */ = {isa = PBXBuildFile; fileRef = 721DE0B027F2FACA000479EA /* HikeView.swift */; };
		721DE0B727F30359000479EA /* CategoryHome.swift in Sources */ = {isa = PBXBuildFile; fileRef = 721DE0B627F30359000479EA /* CategoryHome.swift */; };
		721DE0B927F305C0000479EA /* CategoryRow.swift in Sources */ = {isa = PBXBuildFile; fileRef = 721DE0B827F305C0000479EA /* CategoryRow.swift */; };
		721DE0BB27F308A3000479EA /* CategoryItem.swift in Sources */ = {isa = PBXBuildFile; fileRef = 721DE0BA27F308A3000479EA /* CategoryItem.swift */; };
		721DE0BD27F30EDA000479EA /* Profile.swift in Sources */ = {isa = PBXBuildFile; fileRef = 721DE0BC27F30EDA000479EA /* Profile.swift */; };
		721DE0C027F31045000479EA /* ProfileHost.swift in Sources */ = {isa = PBXBuildFile; fileRef = 721DE0BF27F31045000479EA /* ProfileHost.swift */; };
		721DE0C227F31D69000479EA /* ProfileSummary.swift in Sources */ = {isa = PBXBuildFile; fileRef = 721DE0C127F31D69000479EA /* ProfileSummary.swift */; };
		721DE0C427F31F0D000479EA /* HikeBadge.swift in Sources */ = {isa = PBXBuildFile; fileRef = 721DE0C327F31F0D000479EA /* HikeBadge.swift */; };
		721DE0C627F39D26000479EA /* ProfileEditor.swift in Sources */ = {isa = PBXBuildFile; fileRef = 721DE0C527F39D26000479EA /* ProfileEditor.swift */; };
		721DE0C927F46C2E000479EA /* PageViewController.swift in Sources */ = {isa = PBXBuildFile; fileRef = 721DE0C827F46C2E000479EA /* PageViewController.swift */; };
		721DE0CB27F474A9000479EA /* FeatureCard.swift in Sources */ = {isa = PBXBuildFile; fileRef = 721DE0CA27F474A9000479EA /* FeatureCard.swift */; };
		721DE0CD27F47832000479EA /* PageView.swift in Sources */ = {isa = PBXBuildFile; fileRef = 721DE0CC27F47832000479EA /* PageView.swift */; };
		7273DE3B27F22C3F004D0D51 /* FavoriteButton.swift in Sources */ = {isa = PBXBuildFile; fileRef = 7273DE3A27F22C3F004D0D51 /* FavoriteButton.swift */; };
		7273DE3E27F2385A004D0D51 /* HexagonParameters.swift in Sources */ = {isa = PBXBuildFile; fileRef = 7273DE3D27F2385A004D0D51 /* HexagonParameters.swift */; };
		7273DE4027F23A05004D0D51 /* BadgeBackground.swift in Sources */ = {isa = PBXBuildFile; fileRef = 7273DE3F27F23A05004D0D51 /* BadgeBackground.swift */; };
		72F7076327F0F043005B016C /* LandmarksSwiftUIApp.swift in Sources */ = {isa = PBXBuildFile; fileRef = 72F7076227F0F043005B016C /* LandmarksSwiftUIApp.swift */; };
		72F7076527F0F043005B016C /* ContentView.swift in Sources */ = {isa = PBXBuildFile; fileRef = 72F7076427F0F043005B016C /* ContentView.swift */; };
		72F7076727F0F044005B016C /* Assets.xcassets in Resources */ = {isa = PBXBuildFile; fileRef = 72F7076627F0F044005B016C /* Assets.xcassets */; };
		72F7076A27F0F044005B016C /* Preview Assets.xcassets in Resources */ = {isa = PBXBuildFile; fileRef = 72F7076927F0F044005B016C /* Preview Assets.xcassets */; };
		72F7077127F0F6BC005B016C /* CircleImage.swift in Sources */ = {isa = PBXBuildFile; fileRef = 72F7077027F0F6BC005B016C /* CircleImage.swift */; };
		72F7077327F0F7A2005B016C /* MapView.swift in Sources */ = {isa = PBXBuildFile; fileRef = 72F7077227F0F7A2005B016C /* MapView.swift */; };
		72F7077527F102E6005B016C /* landmarkData.json in Resources */ = {isa = PBXBuildFile; fileRef = 72F7077427F102E6005B016C /* landmarkData.json */; };
		72F7077727F10311005B016C /* LandMark.swift in Sources */ = {isa = PBXBuildFile; fileRef = 72F7077627F10311005B016C /* LandMark.swift */; };
		72F7077927F10543005B016C /* ModelData.swift in Sources */ = {isa = PBXBuildFile; fileRef = 72F7077827F10543005B016C /* ModelData.swift */; };
		72F7077E27F10B80005B016C /* LandmarkRow.swift in Sources */ = {isa = PBXBuildFile; fileRef = 72F7077D27F10B80005B016C /* LandmarkRow.swift */; };
		72F7078027F10F6A005B016C /* LandmarkList.swift in Sources */ = {isa = PBXBuildFile; fileRef = 72F7077F27F10F6A005B016C /* LandmarkList.swift */; };
		72F7078227F110E4005B016C /* LandmarkDetail.swift in Sources */ = {isa = PBXBuildFile; fileRef = 72F7078127F110E4005B016C /* LandmarkDetail.swift */; };
/* End PBXBuildFile section */

/* Begin PBXFileReference section */
		721DE0A127F2E7D4000479EA /* BadgeSymbol.swift */ = {isa = PBXFileReference; lastKnownFileType = sourcecode.swift; path = BadgeSymbol.swift; sourceTree = "<group>"; };
		721DE0A327F2ECF2000479EA /* RotatedBadgeSymbol.swift */ = {isa = PBXFileReference; lastKnownFileType = sourcecode.swift; path = RotatedBadgeSymbol.swift; sourceTree = "<group>"; };
		721DE0A527F2F0C7000479EA /* Badge.swift */ = {isa = PBXFileReference; lastKnownFileType = sourcecode.swift; path = Badge.swift; sourceTree = "<group>"; };
		721DE0A827F2F866000479EA /* hikeData.json */ = {isa = PBXFileReference; fileEncoding = 4; lastKnownFileType = text.json; path = hikeData.json; sourceTree = "<group>"; };
		721DE0AA27F2F884000479EA /* Hike.swift */ = {isa = PBXFileReference; lastKnownFileType = sourcecode.swift; path = Hike.swift; sourceTree = "<group>"; };
		721DE0AD27F2FACA000479EA /* GraphCapsule.swift */ = {isa = PBXFileReference; fileEncoding = 4; lastKnownFileType = sourcecode.swift; path = GraphCapsule.swift; sourceTree = "<group>"; };
		721DE0AE27F2FACA000479EA /* HikeGraph.swift */ = {isa = PBXFileReference; fileEncoding = 4; lastKnownFileType = sourcecode.swift; path = HikeGraph.swift; sourceTree = "<group>"; };
		721DE0AF27F2FACA000479EA /* HikeDetail.swift */ = {isa = PBXFileReference; fileEncoding = 4; lastKnownFileType = sourcecode.swift; path = HikeDetail.swift; sourceTree = "<group>"; };
		721DE0B027F2FACA000479EA /* HikeView.swift */ = {isa = PBXFileReference; fileEncoding = 4; lastKnownFileType = sourcecode.swift; path = HikeView.swift; sourceTree = "<group>"; };
		721DE0B627F30359000479EA /* CategoryHome.swift */ = {isa = PBXFileReference; lastKnownFileType = sourcecode.swift; path = CategoryHome.swift; sourceTree = "<group>"; };
		721DE0B827F305C0000479EA /* CategoryRow.swift */ = {isa = PBXFileReference; lastKnownFileType = sourcecode.swift; path = CategoryRow.swift; sourceTree = "<group>"; };
		721DE0BA27F308A3000479EA /* CategoryItem.swift */ = {isa = PBXFileReference; lastKnownFileType = sourcecode.swift; path = CategoryItem.swift; sourceTree = "<group>"; };
		721DE0BC27F30EDA000479EA /* Profile.swift */ = {isa = PBXFileReference; lastKnownFileType = sourcecode.swift; path = Profile.swift; sourceTree = "<group>"; };
		721DE0BF27F31045000479EA /* ProfileHost.swift */ = {isa = PBXFileReference; lastKnownFileType = sourcecode.swift; path = ProfileHost.swift; sourceTree = "<group>"; };
		721DE0C127F31D69000479EA /* ProfileSummary.swift */ = {isa = PBXFileReference; lastKnownFileType = sourcecode.swift; path = ProfileSummary.swift; sourceTree = "<group>"; };
		721DE0C327F31F0D000479EA /* HikeBadge.swift */ = {isa = PBXFileReference; lastKnownFileType = sourcecode.swift; path = HikeBadge.swift; sourceTree = "<group>"; };
		721DE0C527F39D26000479EA /* ProfileEditor.swift */ = {isa = PBXFileReference; lastKnownFileType = sourcecode.swift; path = ProfileEditor.swift; sourceTree = "<group>"; };
		721DE0C827F46C2E000479EA /* PageViewController.swift */ = {isa = PBXFileReference; lastKnownFileType = sourcecode.swift; path = PageViewController.swift; sourceTree = "<group>"; };
		721DE0CA27F474A9000479EA /* FeatureCard.swift */ = {isa = PBXFileReference; lastKnownFileType = sourcecode.swift; path = FeatureCard.swift; sourceTree = "<group>"; };
		721DE0CC27F47832000479EA /* PageView.swift */ = {isa = PBXFileReference; lastKnownFileType = sourcecode.swift; path = PageView.swift; sourceTree = "<group>"; };
		7273DE3A27F22C3F004D0D51 /* FavoriteButton.swift */ = {isa = PBXFileReference; lastKnownFileType = sourcecode.swift; path = FavoriteButton.swift; sourceTree = "<group>"; };
		7273DE3D27F2385A004D0D51 /* HexagonParameters.swift */ = {isa = PBXFileReference; lastKnownFileType = sourcecode.swift; path = HexagonParameters.swift; sourceTree = "<group>"; };
		7273DE3F27F23A05004D0D51 /* BadgeBackground.swift */ = {isa = PBXFileReference; lastKnownFileType = sourcecode.swift; path = BadgeBackground.swift; sourceTree = "<group>"; };
		72F7075F27F0F043005B016C /* LandmarksSwiftUI.app */ = {isa = PBXFileReference; explicitFileType = wrapper.application; includeInIndex = 0; path = LandmarksSwiftUI.app; sourceTree = BUILT_PRODUCTS_DIR; };
		72F7076227F0F043005B016C /* LandmarksSwiftUIApp.swift */ = {isa = PBXFileReference; lastKnownFileType = sourcecode.swift; path = LandmarksSwiftUIApp.swift; sourceTree = "<group>"; };
		72F7076427F0F043005B016C /* ContentView.swift */ = {isa = PBXFileReference; lastKnownFileType = sourcecode.swift; path = ContentView.swift; sourceTree = "<group>"; };
		72F7076627F0F044005B016C /* Assets.xcassets */ = {isa = PBXFileReference; lastKnownFileType = folder.assetcatalog; path = Assets.xcassets; sourceTree = "<group>"; };
		72F7076927F0F044005B016C /* Preview Assets.xcassets */ = {isa = PBXFileReference; lastKnownFileType = folder.assetcatalog; path = "Preview Assets.xcassets"; sourceTree = "<group>"; };
		72F7077027F0F6BC005B016C /* CircleImage.swift */ = {isa = PBXFileReference; lastKnownFileType = sourcecode.swift; path = CircleImage.swift; sourceTree = "<group>"; };
		72F7077227F0F7A2005B016C /* MapView.swift */ = {isa = PBXFileReference; lastKnownFileType = sourcecode.swift; path = MapView.swift; sourceTree = "<group>"; };
		72F7077427F102E6005B016C /* landmarkData.json */ = {isa = PBXFileReference; fileEncoding = 4; lastKnownFileType = text.json; path = landmarkData.json; sourceTree = "<group>"; };
		72F7077627F10311005B016C /* LandMark.swift */ = {isa = PBXFileReference; lastKnownFileType = sourcecode.swift; path = LandMark.swift; sourceTree = "<group>"; };
		72F7077827F10543005B016C /* ModelData.swift */ = {isa = PBXFileReference; lastKnownFileType = sourcecode.swift; path = ModelData.swift; sourceTree = "<group>"; };
		72F7077D27F10B80005B016C /* LandmarkRow.swift */ = {isa = PBXFileReference; lastKnownFileType = sourcecode.swift; path = LandmarkRow.swift; sourceTree = "<group>"; };
		72F7077F27F10F6A005B016C /* LandmarkList.swift */ = {isa = PBXFileReference; lastKnownFileType = sourcecode.swift; path = LandmarkList.swift; sourceTree = "<group>"; };
		72F7078127F110E4005B016C /* LandmarkDetail.swift */ = {isa = PBXFileReference; lastKnownFileType = sourcecode.swift; path = LandmarkDetail.swift; sourceTree = "<group>"; };
/* End PBXFileReference section */

/* Begin PBXFrameworksBuildPhase section */
		72F7075C27F0F043005B016C /* Frameworks */ = {
			isa = PBXFrameworksBuildPhase;
			buildActionMask = 2147483647;
			files = (
			);
			runOnlyForDeploymentPostprocessing = 0;
		};
/* End PBXFrameworksBuildPhase section */

/* Begin PBXGroup section */
		721DE0A727F2F350000479EA /* Badges */ = {
			isa = PBXGroup;
			children = (
				7273DE3F27F23A05004D0D51 /* BadgeBackground.swift */,
				7273DE3D27F2385A004D0D51 /* HexagonParameters.swift */,
				721DE0A127F2E7D4000479EA /* BadgeSymbol.swift */,
				721DE0A327F2ECF2000479EA /* RotatedBadgeSymbol.swift */,
				721DE0A527F2F0C7000479EA /* Badge.swift */,
			);
			path = Badges;
			sourceTree = "<group>";
		};
		721DE0AC27F2FACA000479EA /* Hikes */ = {
			isa = PBXGroup;
			children = (
				721DE0AD27F2FACA000479EA /* GraphCapsule.swift */,
				721DE0AE27F2FACA000479EA /* HikeGraph.swift */,
				721DE0AF27F2FACA000479EA /* HikeDetail.swift */,
				721DE0B027F2FACA000479EA /* HikeView.swift */,
				721DE0C327F31F0D000479EA /* HikeBadge.swift */,
			);
			path = Hikes;
			sourceTree = "<group>";
		};
		721DE0B527F3033E000479EA /* Categories */ = {
			isa = PBXGroup;
			children = (
				721DE0B627F30359000479EA /* CategoryHome.swift */,
				721DE0B827F305C0000479EA /* CategoryRow.swift */,
				721DE0BA27F308A3000479EA /* CategoryItem.swift */,
			);
			path = Categories;
			sourceTree = "<group>";
		};
		721DE0BE27F31020000479EA /* Profiles */ = {
			isa = PBXGroup;
			children = (
				721DE0BF27F31045000479EA /* ProfileHost.swift */,
				721DE0C127F31D69000479EA /* ProfileSummary.swift */,
				721DE0C527F39D26000479EA /* ProfileEditor.swift */,
			);
			path = Profiles;
			sourceTree = "<group>";
		};
		721DE0C727F46BFB000479EA /* PageView */ = {
			isa = PBXGroup;
			children = (
				721DE0C827F46C2E000479EA /* PageViewController.swift */,
				721DE0CA27F474A9000479EA /* FeatureCard.swift */,
				721DE0CC27F47832000479EA /* PageView.swift */,
			);
			path = PageView;
			sourceTree = "<group>";
		};
		7273DE3C27F22D51004D0D51 /* Helpers */ = {
			isa = PBXGroup;
			children = (
				72F7077D27F10B80005B016C /* LandmarkRow.swift */,
				72F7077F27F10F6A005B016C /* LandmarkList.swift */,
				72F7078127F110E4005B016C /* LandmarkDetail.swift */,
			);
			path = Helpers;
			sourceTree = "<group>";
		};
		72F7075627F0F043005B016C = {
			isa = PBXGroup;
			children = (
				72F7076127F0F043005B016C /* LandmarksSwiftUI */,
				72F7076027F0F043005B016C /* Products */,
			);
			sourceTree = "<group>";
		};
		72F7076027F0F043005B016C /* Products */ = {
			isa = PBXGroup;
			children = (
				72F7075F27F0F043005B016C /* LandmarksSwiftUI.app */,
			);
			name = Products;
			sourceTree = "<group>";
		};
		72F7076127F0F043005B016C /* LandmarksSwiftUI */ = {
			isa = PBXGroup;
			children = (
				7273DE3C27F22D51004D0D51 /* Helpers */,
				72F7077C27F1073E005B016C /* Resources */,
				72F7077B27F10732005B016C /* Model */,
				72F7077A27F1072B005B016C /* Views */,
				72F7076227F0F043005B016C /* LandmarksSwiftUIApp.swift */,
				72F7076627F0F044005B016C /* Assets.xcassets */,
				72F7076827F0F044005B016C /* Preview Content */,
			);
			path = LandmarksSwiftUI;
			sourceTree = "<group>";
		};
		72F7076827F0F044005B016C /* Preview Content */ = {
			isa = PBXGroup;
			children = (
				72F7076927F0F044005B016C /* Preview Assets.xcassets */,
			);
			path = "Preview Content";
			sourceTree = "<group>";
		};
		72F7077A27F1072B005B016C /* Views */ = {
			isa = PBXGroup;
			children = (
				721DE0C727F46BFB000479EA /* PageView */,
				721DE0BE27F31020000479EA /* Profiles */,
				721DE0B527F3033E000479EA /* Categories */,
				721DE0AC27F2FACA000479EA /* Hikes */,
				721DE0A727F2F350000479EA /* Badges */,
				72F7076427F0F043005B016C /* ContentView.swift */,
				72F7077027F0F6BC005B016C /* CircleImage.swift */,
				72F7077227F0F7A2005B016C /* MapView.swift */,
				7273DE3A27F22C3F004D0D51 /* FavoriteButton.swift */,
			);
			path = Views;
			sourceTree = "<group>";
		};
		72F7077B27F10732005B016C /* Model */ = {
			isa = PBXGroup;
			children = (
				72F7077627F10311005B016C /* LandMark.swift */,
				72F7077827F10543005B016C /* ModelData.swift */,
				721DE0AA27F2F884000479EA /* Hike.swift */,
				721DE0BC27F30EDA000479EA /* Profile.swift */,
			);
			path = Model;
			sourceTree = "<group>";
		};
		72F7077C27F1073E005B016C /* Resources */ = {
			isa = PBXGroup;
			children = (
				721DE0A827F2F866000479EA /* hikeData.json */,
				72F7077427F102E6005B016C /* landmarkData.json */,
			);
			path = Resources;
			sourceTree = "<group>";
		};
/* End PBXGroup section */

/* Begin PBXNativeTarget section */
		72F7075E27F0F043005B016C /* LandmarksSwiftUI */ = {
			isa = PBXNativeTarget;
			buildConfigurationList = 72F7076D27F0F044005B016C /* Build configuration list for PBXNativeTarget "LandmarksSwiftUI" */;
			buildPhases = (
				72F7075B27F0F043005B016C /* Sources */,
				72F7075C27F0F043005B016C /* Frameworks */,
				72F7075D27F0F043005B016C /* Resources */,
			);
			buildRules = (
			);
			dependencies = (
			);
			name = LandmarksSwiftUI;
			productName = LandmarksSwiftUI;
			productReference = 72F7075F27F0F043005B016C /* LandmarksSwiftUI.app */;
			productType = "com.apple.product-type.application";
		};
/* End PBXNativeTarget section */

/* Begin PBXProject section */
		72F7075727F0F043005B016C /* Project object */ = {
			isa = PBXProject;
			attributes = {
				BuildIndependentTargetsInParallel = 1;
				LastSwiftUpdateCheck = 1330;
				LastUpgradeCheck = 1330;
				TargetAttributes = {
					72F7075E27F0F043005B016C = {
						CreatedOnToolsVersion = 13.3;
					};
				};
			};
			buildConfigurationList = 72F7075A27F0F043005B016C /* Build configuration list for PBXProject "LandmarksSwiftUI" */;
			compatibilityVersion = "Xcode 13.0";
			developmentRegion = en;
			hasScannedForEncodings = 0;
			knownRegions = (
				en,
				Base,
			);
			mainGroup = 72F7075627F0F043005B016C;
			productRefGroup = 72F7076027F0F043005B016C /* Products */;
			projectDirPath = "";
			projectRoot = "";
			targets = (
				72F7075E27F0F043005B016C /* LandmarksSwiftUI */,
			);
		};
/* End PBXProject section */

/* Begin PBXResourcesBuildPhase section */
		72F7075D27F0F043005B016C /* Resources */ = {
			isa = PBXResourcesBuildPhase;
			buildActionMask = 2147483647;
			files = (
				721DE0A927F2F866000479EA /* hikeData.json in Resources */,
				72F7076A27F0F044005B016C /* Preview Assets.xcassets in Resources */,
				72F7076727F0F044005B016C /* Assets.xcassets in Resources */,
				72F7077527F102E6005B016C /* landmarkData.json in Resources */,
			);
			runOnlyForDeploymentPostprocessing = 0;
		};
/* End PBXResourcesBuildPhase section */

/* Begin PBXSourcesBuildPhase section */
		72F7075B27F0F043005B016C /* Sources */ = {
			isa = PBXSourcesBuildPhase;
			buildActionMask = 2147483647;
			files = (
				721DE0B927F305C0000479EA /* CategoryRow.swift in Sources */,
				721DE0BD27F30EDA000479EA /* Profile.swift in Sources */,
				72F7076527F0F043005B016C /* ContentView.swift in Sources */,
				721DE0B727F30359000479EA /* CategoryHome.swift in Sources */,
				721DE0CB27F474A9000479EA /* FeatureCard.swift in Sources */,
				721DE0B227F2FACA000479EA /* HikeGraph.swift in Sources */,
				721DE0A627F2F0C7000479EA /* Badge.swift in Sources */,
				72F7077727F10311005B016C /* LandMark.swift in Sources */,
				721DE0B127F2FACA000479EA /* GraphCapsule.swift in Sources */,
				72F7077327F0F7A2005B016C /* MapView.swift in Sources */,
				7273DE3B27F22C3F004D0D51 /* FavoriteButton.swift in Sources */,
				721DE0BB27F308A3000479EA /* CategoryItem.swift in Sources */,
				721DE0B327F2FACA000479EA /* HikeDetail.swift in Sources */,
				721DE0C227F31D69000479EA /* ProfileSummary.swift in Sources */,
				7273DE3E27F2385A004D0D51 /* HexagonParameters.swift in Sources */,
				721DE0C027F31045000479EA /* ProfileHost.swift in Sources */,
				721DE0AB27F2F884000479EA /* Hike.swift in Sources */,
				721DE0A427F2ECF2000479EA /* RotatedBadgeSymbol.swift in Sources */,
				721DE0CD27F47832000479EA /* PageView.swift in Sources */,
				721DE0A227F2E7D4000479EA /* BadgeSymbol.swift in Sources */,
				721DE0C627F39D26000479EA /* ProfileEditor.swift in Sources */,
				72F7078027F10F6A005B016C /* LandmarkList.swift in Sources */,
				721DE0B427F2FACA000479EA /* HikeView.swift in Sources */,
				72F7078227F110E4005B016C /* LandmarkDetail.swift in Sources */,
				721DE0C927F46C2E000479EA /* PageViewController.swift in Sources */,
				7273DE4027F23A05004D0D51 /* BadgeBackground.swift in Sources */,
				721DE0C427F31F0D000479EA /* HikeBadge.swift in Sources */,
				72F7076327F0F043005B016C /* LandmarksSwiftUIApp.swift in Sources */,
				72F7077127F0F6BC005B016C /* CircleImage.swift in Sources */,
				72F7077E27F10B80005B016C /* LandmarkRow.swift in Sources */,
				72F7077927F10543005B016C /* ModelData.swift in Sources */,
			);
			runOnlyForDeploymentPostprocessing = 0;
		};
/* End PBXSourcesBuildPhase section */

/* Begin XCBuildConfiguration section */
		72F7076B27F0F044005B016C /* Debug */ = {
			isa = XCBuildConfiguration;
			buildSettings = {
				ALWAYS_SEARCH_USER_PATHS = NO;
				CLANG_ANALYZER_NONNULL = YES;
				CLANG_ANALYZER_NUMBER_OBJECT_CONVERSION = YES_AGGRESSIVE;
				CLANG_CXX_LANGUAGE_STANDARD = "gnu++17";
				CLANG_ENABLE_MODULES = YES;
				CLANG_ENABLE_OBJC_ARC = YES;
				CLANG_ENABLE_OBJC_WEAK = YES;
				CLANG_WARN_BLOCK_CAPTURE_AUTORELEASING = YES;
				CLANG_WARN_BOOL_CONVERSION = YES;
				CLANG_WARN_COMMA = YES;
				CLANG_WARN_CONSTANT_CONVERSION = YES;
				CLANG_WARN_DEPRECATED_OBJC_IMPLEMENTATIONS = YES;
				CLANG_WARN_DIRECT_OBJC_ISA_USAGE = YES_ERROR;
				CLANG_WARN_DOCUMENTATION_COMMENTS = YES;
				CLANG_WARN_EMPTY_BODY = YES;
				CLANG_WARN_ENUM_CONVERSION = YES;
				CLANG_WARN_INFINITE_RECURSION = YES;
				CLANG_WARN_INT_CONVERSION = YES;
				CLANG_WARN_NON_LITERAL_NULL_CONVERSION = YES;
				CLANG_WARN_OBJC_IMPLICIT_RETAIN_SELF = YES;
				CLANG_WARN_OBJC_LITERAL_CONVERSION = YES;
				CLANG_WARN_OBJC_ROOT_CLASS = YES_ERROR;
				CLANG_WARN_QUOTED_INCLUDE_IN_FRAMEWORK_HEADER = YES;
				CLANG_WARN_RANGE_LOOP_ANALYSIS = YES;
				CLANG_WARN_STRICT_PROTOTYPES = YES;
				CLANG_WARN_SUSPICIOUS_MOVE = YES;
				CLANG_WARN_UNGUARDED_AVAILABILITY = YES_AGGRESSIVE;
				CLANG_WARN_UNREACHABLE_CODE = YES;
				CLANG_WARN__DUPLICATE_METHOD_MATCH = YES;
				COPY_PHASE_STRIP = NO;
				DEBUG_INFORMATION_FORMAT = dwarf;
				ENABLE_STRICT_OBJC_MSGSEND = YES;
				ENABLE_TESTABILITY = YES;
				GCC_C_LANGUAGE_STANDARD = gnu11;
				GCC_DYNAMIC_NO_PIC = NO;
				GCC_NO_COMMON_BLOCKS = YES;
				GCC_OPTIMIZATION_LEVEL = 0;
				GCC_PREPROCESSOR_DEFINITIONS = (
					"DEBUG=1",
					"$(inherited)",
				);
				GCC_WARN_64_TO_32_BIT_CONVERSION = YES;
				GCC_WARN_ABOUT_RETURN_TYPE = YES_ERROR;
				GCC_WARN_UNDECLARED_SELECTOR = YES;
				GCC_WARN_UNINITIALIZED_AUTOS = YES_AGGRESSIVE;
				GCC_WARN_UNUSED_FUNCTION = YES;
				GCC_WARN_UNUSED_VARIABLE = YES;
				IPHONEOS_DEPLOYMENT_TARGET = 15.4;
				MTL_ENABLE_DEBUG_INFO = INCLUDE_SOURCE;
				MTL_FAST_MATH = YES;
				ONLY_ACTIVE_ARCH = YES;
				SDKROOT = iphoneos;
				SWIFT_ACTIVE_COMPILATION_CONDITIONS = DEBUG;
				SWIFT_OPTIMIZATION_LEVEL = "-Onone";
			};
			name = Debug;
		};
		72F7076C27F0F044005B016C /* Release */ = {
			isa = XCBuildConfiguration;
			buildSettings = {
				ALWAYS_SEARCH_USER_PATHS = NO;
				CLANG_ANALYZER_NONNULL = YES;
				CLANG_ANALYZER_NUMBER_OBJECT_CONVERSION = YES_AGGRESSIVE;
				CLANG_CXX_LANGUAGE_STANDARD = "gnu++17";
				CLANG_ENABLE_MODULES = YES;
				CLANG_ENABLE_OBJC_ARC = YES;
				CLANG_ENABLE_OBJC_WEAK = YES;
				CLANG_WARN_BLOCK_CAPTURE_AUTORELEASING = YES;
				CLANG_WARN_BOOL_CONVERSION = YES;
				CLANG_WARN_COMMA = YES;
				CLANG_WARN_CONSTANT_CONVERSION = YES;
				CLANG_WARN_DEPRECATED_OBJC_IMPLEMENTATIONS = YES;
				CLANG_WARN_DIRECT_OBJC_ISA_USAGE = YES_ERROR;
				CLANG_WARN_DOCUMENTATION_COMMENTS = YES;
				CLANG_WARN_EMPTY_BODY = YES;
				CLANG_WARN_ENUM_CONVERSION = YES;
				CLANG_WARN_INFINITE_RECURSION = YES;
				CLANG_WARN_INT_CONVERSION = YES;
				CLANG_WARN_NON_LITERAL_NULL_CONVERSION = YES;
				CLANG_WARN_OBJC_IMPLICIT_RETAIN_SELF = YES;
				CLANG_WARN_OBJC_LITERAL_CONVERSION = YES;
				CLANG_WARN_OBJC_ROOT_CLASS = YES_ERROR;
				CLANG_WARN_QUOTED_INCLUDE_IN_FRAMEWORK_HEADER = YES;
				CLANG_WARN_RANGE_LOOP_ANALYSIS = YES;
				CLANG_WARN_STRICT_PROTOTYPES = YES;
				CLANG_WARN_SUSPICIOUS_MOVE = YES;
				CLANG_WARN_UNGUARDED_AVAILABILITY = YES_AGGRESSIVE;
				CLANG_WARN_UNREACHABLE_CODE = YES;
				CLANG_WARN__DUPLICATE_METHOD_MATCH = YES;
				COPY_PHASE_STRIP = NO;
				DEBUG_INFORMATION_FORMAT = "dwarf-with-dsym";
				ENABLE_NS_ASSERTIONS = NO;
				ENABLE_STRICT_OBJC_MSGSEND = YES;
				GCC_C_LANGUAGE_STANDARD = gnu11;
				GCC_NO_COMMON_BLOCKS = YES;
				GCC_WARN_64_TO_32_BIT_CONVERSION = YES;
				GCC_WARN_ABOUT_RETURN_TYPE = YES_ERROR;
				GCC_WARN_UNDECLARED_SELECTOR = YES;
				GCC_WARN_UNINITIALIZED_AUTOS = YES_AGGRESSIVE;
				GCC_WARN_UNUSED_FUNCTION = YES;
				GCC_WARN_UNUSED_VARIABLE = YES;
				IPHONEOS_DEPLOYMENT_TARGET = 15.4;
				MTL_ENABLE_DEBUG_INFO = NO;
				MTL_FAST_MATH = YES;
				SDKROOT = iphoneos;
				SWIFT_COMPILATION_MODE = wholemodule;
				SWIFT_OPTIMIZATION_LEVEL = "-O";
				VALIDATE_PRODUCT = YES;
			};
			name = Release;
		};
		72F7076E27F0F044005B016C /* Debug */ = {
			isa = XCBuildConfiguration;
			buildSettings = {
				ASSETCATALOG_COMPILER_APPICON_NAME = AppIcon;
				ASSETCATALOG_COMPILER_GLOBAL_ACCENT_COLOR_NAME = AccentColor;
				CODE_SIGN_STYLE = Automatic;
				CURRENT_PROJECT_VERSION = 1;
				DEVELOPMENT_ASSET_PATHS = "\"LandmarksSwiftUI/Preview Content\"";
				DEVELOPMENT_TEAM = 9923AESJ53;
				ENABLE_PREVIEWS = YES;
				GENERATE_INFOPLIST_FILE = YES;
				INFOPLIST_KEY_UIApplicationSceneManifest_Generation = YES;
				INFOPLIST_KEY_UIApplicationSupportsIndirectInputEvents = YES;
				INFOPLIST_KEY_UILaunchScreen_Generation = YES;
				INFOPLIST_KEY_UISupportedInterfaceOrientations_iPad = "UIInterfaceOrientationPortrait UIInterfaceOrientationPortraitUpsideDown UIInterfaceOrientationLandscapeLeft UIInterfaceOrientationLandscapeRight";
				INFOPLIST_KEY_UISupportedInterfaceOrientations_iPhone = "UIInterfaceOrientationPortrait UIInterfaceOrientationLandscapeLeft UIInterfaceOrientationLandscapeRight";
				IPHONEOS_DEPLOYMENT_TARGET = 15.0;
				LD_RUNPATH_SEARCH_PATHS = (
					"$(inherited)",
					"@executable_path/Frameworks",
				);
				MARKETING_VERSION = 1.0;
				PRODUCT_BUNDLE_IDENTIFIER = com.ademdeliaslan.LandmarksSwiftUI;
				PRODUCT_NAME = "$(TARGET_NAME)";
				SWIFT_EMIT_LOC_STRINGS = YES;
				SWIFT_VERSION = 5.0;
				TARGETED_DEVICE_FAMILY = "1,2";
			};
			name = Debug;
		};
		72F7076F27F0F044005B016C /* Release */ = {
			isa = XCBuildConfiguration;
			buildSettings = {
				ASSETCATALOG_COMPILER_APPICON_NAME = AppIcon;
				ASSETCATALOG_COMPILER_GLOBAL_ACCENT_COLOR_NAME = AccentColor;
				CODE_SIGN_STYLE = Automatic;
				CURRENT_PROJECT_VERSION = 1;
				DEVELOPMENT_ASSET_PATHS = "\"LandmarksSwiftUI/Preview Content\"";
				DEVELOPMENT_TEAM = 9923AESJ53;
				ENABLE_PREVIEWS = YES;
				GENERATE_INFOPLIST_FILE = YES;
				INFOPLIST_KEY_UIApplicationSceneManifest_Generation = YES;
				INFOPLIST_KEY_UIApplicationSupportsIndirectInputEvents = YES;
				INFOPLIST_KEY_UILaunchScreen_Generation = YES;
				INFOPLIST_KEY_UISupportedInterfaceOrientations_iPad = "UIInterfaceOrientationPortrait UIInterfaceOrientationPortraitUpsideDown UIInterfaceOrientationLandscapeLeft UIInterfaceOrientationLandscapeRight";
				INFOPLIST_KEY_UISupportedInterfaceOrientations_iPhone = "UIInterfaceOrientationPortrait UIInterfaceOrientationLandscapeLeft UIInterfaceOrientationLandscapeRight";
				IPHONEOS_DEPLOYMENT_TARGET = 15.0;
				LD_RUNPATH_SEARCH_PATHS = (
					"$(inherited)",
					"@executable_path/Frameworks",
				);
				MARKETING_VERSION = 1.0;
				PRODUCT_BUNDLE_IDENTIFIER = com.ademdeliaslan.LandmarksSwiftUI;
				PRODUCT_NAME = "$(TARGET_NAME)";
				SWIFT_EMIT_LOC_STRINGS = YES;
				SWIFT_VERSION = 5.0;
				TARGETED_DEVICE_FAMILY = "1,2";
			};
			name = Release;
		};
/* End XCBuildConfiguration section */

/* Begin XCConfigurationList section */
		72F7075A27F0F043005B016C /* Build configuration list for PBXProject "LandmarksSwiftUI" */ = {
			isa = XCConfigurationList;
			buildConfigurations = (
				72F7076B27F0F044005B016C /* Debug */,
				72F7076C27F0F044005B016C /* Release */,
			);
			defaultConfigurationIsVisible = 0;
			defaultConfigurationName = Release;
		};
		72F7076D27F0F044005B016C /* Build configuration list for PBXNativeTarget "LandmarksSwiftUI" */ = {
			isa = XCConfigurationList;
			buildConfigurations = (
				72F7076E27F0F044005B016C /* Debug */,
				72F7076F27F0F044005B016C /* Release */,
			);
			defaultConfigurationIsVisible = 0;
			defaultConfigurationName = Release;
		};
/* End XCConfigurationList section */
	};
	rootObject = 72F7075727F0F043005B016C /* Project object */;
}
