// !$*UTF8*$!
{
	archiveVersion = 1;
	classes = {
	};
	objectVersion = 55;
	objects = {

/* Begin PBXBuildFile section */
		257DEF18863FE7FAEAB6A3C8 /* Pods_SnapChatClone.framework in Frameworks */ = {isa = PBXBuildFile; fileRef = 3CEE4398B1ACE71B949A3225 /* Pods_SnapChatClone.framework */; };
		720B9D7A27D562D30004DDEA /* AppDelegate.swift in Sources */ = {isa = PBXBuildFile; fileRef = 720B9D7927D562D30004DDEA /* AppDelegate.swift */; };
		720B9D7C27D562D30004DDEA /* SceneDelegate.swift in Sources */ = {isa = PBXBuildFile; fileRef = 720B9D7B27D562D30004DDEA /* SceneDelegate.swift */; };
		720B9D7E27D562D30004DDEA /* SignInVC.swift in Sources */ = {isa = PBXBuildFile; fileRef = 720B9D7D27D562D30004DDEA /* SignInVC.swift */; };
		720B9D8127D562D30004DDEA /* Main.storyboard in Resources */ = {isa = PBXBuildFile; fileRef = 720B9D7F27D562D30004DDEA /* Main.storyboard */; };
		720B9D8327D562D30004DDEA /* Assets.xcassets in Resources */ = {isa = PBXBuildFile; fileRef = 720B9D8227D562D30004DDEA /* Assets.xcassets */; };
		720B9D8627D562D30004DDEA /* LaunchScreen.storyboard in Resources */ = {isa = PBXBuildFile; fileRef = 720B9D8427D562D30004DDEA /* LaunchScreen.storyboard */; };
		725B533327DB9CF70075271F /* FeedCell.swift in Sources */ = {isa = PBXBuildFile; fileRef = 725B533227DB9CF70075271F /* FeedCell.swift */; };
		725B533527DBDED50075271F /* Snap.swift in Sources */ = {isa = PBXBuildFile; fileRef = 725B533427DBDED50075271F /* Snap.swift */; };
		72CFBA7227D56CB9002FFE4F /* GoogleService-Info.plist in Resources */ = {isa = PBXBuildFile; fileRef = 72CFBA7127D56CB9002FFE4F /* GoogleService-Info.plist */; };
		72D3887727D7C960009797C4 /* FeedVC.swift in Sources */ = {isa = PBXBuildFile; fileRef = 72D3887627D7C960009797C4 /* FeedVC.swift */; };
		72D3887927D7C979009797C4 /* UploadVC.swift in Sources */ = {isa = PBXBuildFile; fileRef = 72D3887827D7C979009797C4 /* UploadVC.swift */; };
		72D3887B27D7C99C009797C4 /* SettingsVC.swift in Sources */ = {isa = PBXBuildFile; fileRef = 72D3887A27D7C99C009797C4 /* SettingsVC.swift */; };
		72D3887F27D7CC26009797C4 /* SnapVC.swift in Sources */ = {isa = PBXBuildFile; fileRef = 72D3887E27D7CC26009797C4 /* SnapVC.swift */; };
		72D3888227D93DC1009797C4 /* UserSingleton.swift in Sources */ = {isa = PBXBuildFile; fileRef = 72D3888127D93DC1009797C4 /* UserSingleton.swift */; };
/* End PBXBuildFile section */

/* Begin PBXFileReference section */
		0D624177D9B93A2989AF9086 /* Pods-SnapChatClone.debug.xcconfig */ = {isa = PBXFileReference; includeInIndex = 1; lastKnownFileType = text.xcconfig; name = "Pods-SnapChatClone.debug.xcconfig"; path = "Target Support Files/Pods-SnapChatClone/Pods-SnapChatClone.debug.xcconfig"; sourceTree = "<group>"; };
		3AD2F0E20A76A8AE7DE8E512 /* Pods-SnapChatClone.release.xcconfig */ = {isa = PBXFileReference; includeInIndex = 1; lastKnownFileType = text.xcconfig; name = "Pods-SnapChatClone.release.xcconfig"; path = "Target Support Files/Pods-SnapChatClone/Pods-SnapChatClone.release.xcconfig"; sourceTree = "<group>"; };
		3CEE4398B1ACE71B949A3225 /* Pods_SnapChatClone.framework */ = {isa = PBXFileReference; explicitFileType = wrapper.framework; includeInIndex = 0; path = Pods_SnapChatClone.framework; sourceTree = BUILT_PRODUCTS_DIR; };
		720B9D7627D562D30004DDEA /* SnapChatClone.app */ = {isa = PBXFileReference; explicitFileType = wrapper.application; includeInIndex = 0; path = SnapChatClone.app; sourceTree = BUILT_PRODUCTS_DIR; };
		720B9D7927D562D30004DDEA /* AppDelegate.swift */ = {isa = PBXFileReference; lastKnownFileType = sourcecode.swift; path = AppDelegate.swift; sourceTree = "<group>"; };
		720B9D7B27D562D30004DDEA /* SceneDelegate.swift */ = {isa = PBXFileReference; lastKnownFileType = sourcecode.swift; path = SceneDelegate.swift; sourceTree = "<group>"; };
		720B9D7D27D562D30004DDEA /* SignInVC.swift */ = {isa = PBXFileReference; lastKnownFileType = sourcecode.swift; path = SignInVC.swift; sourceTree = "<group>"; };
		720B9D8027D562D30004DDEA /* Base */ = {isa = PBXFileReference; lastKnownFileType = file.storyboard; name = Base; path = Base.lproj/Main.storyboard; sourceTree = "<group>"; };
		720B9D8227D562D30004DDEA /* Assets.xcassets */ = {isa = PBXFileReference; lastKnownFileType = folder.assetcatalog; path = Assets.xcassets; sourceTree = "<group>"; };
		720B9D8527D562D30004DDEA /* Base */ = {isa = PBXFileReference; lastKnownFileType = file.storyboard; name = Base; path = Base.lproj/LaunchScreen.storyboard; sourceTree = "<group>"; };
		720B9D8727D562D30004DDEA /* Info.plist */ = {isa = PBXFileReference; lastKnownFileType = text.plist.xml; path = Info.plist; sourceTree = "<group>"; };
		725B533227DB9CF70075271F /* FeedCell.swift */ = {isa = PBXFileReference; lastKnownFileType = sourcecode.swift; path = FeedCell.swift; sourceTree = "<group>"; };
		725B533427DBDED50075271F /* Snap.swift */ = {isa = PBXFileReference; lastKnownFileType = sourcecode.swift; path = Snap.swift; sourceTree = "<group>"; };
		72CFBA7127D56CB9002FFE4F /* GoogleService-Info.plist */ = {isa = PBXFileReference; fileEncoding = 4; lastKnownFileType = text.plist.xml; path = "GoogleService-Info.plist"; sourceTree = "<group>"; };
		72D3887627D7C960009797C4 /* FeedVC.swift */ = {isa = PBXFileReference; lastKnownFileType = sourcecode.swift; path = FeedVC.swift; sourceTree = "<group>"; };
		72D3887827D7C979009797C4 /* UploadVC.swift */ = {isa = PBXFileReference; lastKnownFileType = sourcecode.swift; path = UploadVC.swift; sourceTree = "<group>"; };
		72D3887A27D7C99C009797C4 /* SettingsVC.swift */ = {isa = PBXFileReference; lastKnownFileType = sourcecode.swift; path = SettingsVC.swift; sourceTree = "<group>"; };
		72D3887E27D7CC26009797C4 /* SnapVC.swift */ = {isa = PBXFileReference; lastKnownFileType = sourcecode.swift; path = SnapVC.swift; sourceTree = "<group>"; };
		72D3888127D93DC1009797C4 /* UserSingleton.swift */ = {isa = PBXFileReference; lastKnownFileType = sourcecode.swift; path = UserSingleton.swift; sourceTree = "<group>"; };
/* End PBXFileReference section */

/* Begin PBXFrameworksBuildPhase section */
		720B9D7327D562D30004DDEA /* Frameworks */ = {
			isa = PBXFrameworksBuildPhase;
			buildActionMask = 2147483647;
			files = (
				257DEF18863FE7FAEAB6A3C8 /* Pods_SnapChatClone.framework in Frameworks */,
			);
			runOnlyForDeploymentPostprocessing = 0;
		};
/* End PBXFrameworksBuildPhase section */

/* Begin PBXGroup section */
		3B47DB449223938B93EFEC11 /* Pods */ = {
			isa = PBXGroup;
			children = (
				0D624177D9B93A2989AF9086 /* Pods-SnapChatClone.debug.xcconfig */,
				3AD2F0E20A76A8AE7DE8E512 /* Pods-SnapChatClone.release.xcconfig */,
			);
			path = Pods;
			sourceTree = "<group>";
		};
		720B9D6D27D562D30004DDEA = {
			isa = PBXGroup;
			children = (
				720B9D7827D562D30004DDEA /* SnapChatClone */,
				720B9D7727D562D30004DDEA /* Products */,
				3B47DB449223938B93EFEC11 /* Pods */,
				A8774749C6E391FDE81919DF /* Frameworks */,
			);
			sourceTree = "<group>";
		};
		720B9D7727D562D30004DDEA /* Products */ = {
			isa = PBXGroup;
			children = (
				720B9D7627D562D30004DDEA /* SnapChatClone.app */,
			);
			name = Products;
			sourceTree = "<group>";
		};
		720B9D7827D562D30004DDEA /* SnapChatClone */ = {
			isa = PBXGroup;
			children = (
				72D3888027D93D96009797C4 /* Models */,
				72D3887D27D7C9CD009797C4 /* Delegates */,
				72D3887C27D7C9A8009797C4 /* ViewControllers */,
				72CFBA7127D56CB9002FFE4F /* GoogleService-Info.plist */,
				720B9D7F27D562D30004DDEA /* Main.storyboard */,
				720B9D8227D562D30004DDEA /* Assets.xcassets */,
				720B9D8427D562D30004DDEA /* LaunchScreen.storyboard */,
				720B9D8727D562D30004DDEA /* Info.plist */,
			);
			path = SnapChatClone;
			sourceTree = "<group>";
		};
		72D3887C27D7C9A8009797C4 /* ViewControllers */ = {
			isa = PBXGroup;
			children = (
				725B533227DB9CF70075271F /* FeedCell.swift */,
				720B9D7D27D562D30004DDEA /* SignInVC.swift */,
				72D3887627D7C960009797C4 /* FeedVC.swift */,
				72D3887827D7C979009797C4 /* UploadVC.swift */,
				72D3887A27D7C99C009797C4 /* SettingsVC.swift */,
				72D3887E27D7CC26009797C4 /* SnapVC.swift */,
			);
			path = ViewControllers;
			sourceTree = "<group>";
		};
		72D3887D27D7C9CD009797C4 /* Delegates */ = {
			isa = PBXGroup;
			children = (
				720B9D7927D562D30004DDEA /* AppDelegate.swift */,
				720B9D7B27D562D30004DDEA /* SceneDelegate.swift */,
			);
			path = Delegates;
			sourceTree = "<group>";
		};
		72D3888027D93D96009797C4 /* Models */ = {
			isa = PBXGroup;
			children = (
				72D3888127D93DC1009797C4 /* UserSingleton.swift */,
				725B533427DBDED50075271F /* Snap.swift */,
			);
			path = Models;
			sourceTree = "<group>";
		};
		A8774749C6E391FDE81919DF /* Frameworks */ = {
			isa = PBXGroup;
			children = (
				3CEE4398B1ACE71B949A3225 /* Pods_SnapChatClone.framework */,
			);
			name = Frameworks;
			sourceTree = "<group>";
		};
/* End PBXGroup section */

/* Begin PBXNativeTarget section */
		720B9D7527D562D30004DDEA /* SnapChatClone */ = {
			isa = PBXNativeTarget;
			buildConfigurationList = 720B9D8A27D562D30004DDEA /* Build configuration list for PBXNativeTarget "SnapChatClone" */;
			buildPhases = (
				F04AED687EAFDD5CB64BCEB6 /* [CP] Check Pods Manifest.lock */,
				720B9D7227D562D30004DDEA /* Sources */,
				720B9D7327D562D30004DDEA /* Frameworks */,
				720B9D7427D562D30004DDEA /* Resources */,
				5AD21EC29CB0B1FC4746D3A9 /* [CP] Embed Pods Frameworks */,
			);
			buildRules = (
			);
			dependencies = (
			);
			name = SnapChatClone;
			productName = SnapChatClone;
			productReference = 720B9D7627D562D30004DDEA /* SnapChatClone.app */;
			productType = "com.apple.product-type.application";
		};
/* End PBXNativeTarget section */

/* Begin PBXProject section */
		720B9D6E27D562D30004DDEA /* Project object */ = {
			isa = PBXProject;
			attributes = {
				BuildIndependentTargetsInParallel = 1;
				LastSwiftUpdateCheck = 1320;
				LastUpgradeCheck = 1320;
				TargetAttributes = {
					720B9D7527D562D30004DDEA = {
						CreatedOnToolsVersion = 13.2.1;
					};
				};
			};
			buildConfigurationList = 720B9D7127D562D30004DDEA /* Build configuration list for PBXProject "SnapChatClone" */;
			compatibilityVersion = "Xcode 13.0";
			developmentRegion = en;
			hasScannedForEncodings = 0;
			knownRegions = (
				en,
				Base,
			);
			mainGroup = 720B9D6D27D562D30004DDEA;
			productRefGroup = 720B9D7727D562D30004DDEA /* Products */;
			projectDirPath = "";
			projectRoot = "";
			targets = (
				720B9D7527D562D30004DDEA /* SnapChatClone */,
			);
		};
/* End PBXProject section */

/* Begin PBXResourcesBuildPhase section */
		720B9D7427D562D30004DDEA /* Resources */ = {
			isa = PBXResourcesBuildPhase;
			buildActionMask = 2147483647;
			files = (
				720B9D8627D562D30004DDEA /* LaunchScreen.storyboard in Resources */,
				720B9D8327D562D30004DDEA /* Assets.xcassets in Resources */,
				72CFBA7227D56CB9002FFE4F /* GoogleService-Info.plist in Resources */,
				720B9D8127D562D30004DDEA /* Main.storyboard in Resources */,
			);
			runOnlyForDeploymentPostprocessing = 0;
		};
/* End PBXResourcesBuildPhase section */

/* Begin PBXShellScriptBuildPhase section */
		5AD21EC29CB0B1FC4746D3A9 /* [CP] Embed Pods Frameworks */ = {
			isa = PBXShellScriptBuildPhase;
			buildActionMask = 2147483647;
			files = (
			);
			inputFileListPaths = (
				"${PODS_ROOT}/Target Support Files/Pods-SnapChatClone/Pods-SnapChatClone-frameworks-${CONFIGURATION}-input-files.xcfilelist",
			);
			name = "[CP] Embed Pods Frameworks";
			outputFileListPaths = (
				"${PODS_ROOT}/Target Support Files/Pods-SnapChatClone/Pods-SnapChatClone-frameworks-${CONFIGURATION}-output-files.xcfilelist",
			);
			runOnlyForDeploymentPostprocessing = 0;
			shellPath = /bin/sh;
			shellScript = "\"${PODS_ROOT}/Target Support Files/Pods-SnapChatClone/Pods-SnapChatClone-frameworks.sh\"\n";
			showEnvVarsInLog = 0;
		};
		F04AED687EAFDD5CB64BCEB6 /* [CP] Check Pods Manifest.lock */ = {
			isa = PBXShellScriptBuildPhase;
			buildActionMask = 2147483647;
			files = (
			);
			inputFileListPaths = (
			);
			inputPaths = (
				"${PODS_PODFILE_DIR_PATH}/Podfile.lock",
				"${PODS_ROOT}/Manifest.lock",
			);
			name = "[CP] Check Pods Manifest.lock";
			outputFileListPaths = (
			);
			outputPaths = (
				"$(DERIVED_FILE_DIR)/Pods-SnapChatClone-checkManifestLockResult.txt",
			);
			runOnlyForDeploymentPostprocessing = 0;
			shellPath = /bin/sh;
			shellScript = "diff \"${PODS_PODFILE_DIR_PATH}/Podfile.lock\" \"${PODS_ROOT}/Manifest.lock\" > /dev/null\nif [ $? != 0 ] ; then\n    # print error to STDERR\n    echo \"error: The sandbox is not in sync with the Podfile.lock. Run 'pod install' or update your CocoaPods installation.\" >&2\n    exit 1\nfi\n# This output is used by Xcode 'outputs' to avoid re-running this script phase.\necho \"SUCCESS\" > \"${SCRIPT_OUTPUT_FILE_0}\"\n";
			showEnvVarsInLog = 0;
		};
/* End PBXShellScriptBuildPhase section */

/* Begin PBXSourcesBuildPhase section */
		720B9D7227D562D30004DDEA /* Sources */ = {
			isa = PBXSourcesBuildPhase;
			buildActionMask = 2147483647;
			files = (
				72D3888227D93DC1009797C4 /* UserSingleton.swift in Sources */,
				725B533527DBDED50075271F /* Snap.swift in Sources */,
				72D3887727D7C960009797C4 /* FeedVC.swift in Sources */,
				720B9D7E27D562D30004DDEA /* SignInVC.swift in Sources */,
				720B9D7A27D562D30004DDEA /* AppDelegate.swift in Sources */,
				72D3887927D7C979009797C4 /* UploadVC.swift in Sources */,
				72D3887F27D7CC26009797C4 /* SnapVC.swift in Sources */,
				720B9D7C27D562D30004DDEA /* SceneDelegate.swift in Sources */,
				72D3887B27D7C99C009797C4 /* SettingsVC.swift in Sources */,
				725B533327DB9CF70075271F /* FeedCell.swift in Sources */,
			);
			runOnlyForDeploymentPostprocessing = 0;
		};
/* End PBXSourcesBuildPhase section */

/* Begin PBXVariantGroup section */
		720B9D7F27D562D30004DDEA /* Main.storyboard */ = {
			isa = PBXVariantGroup;
			children = (
				720B9D8027D562D30004DDEA /* Base */,
			);
			name = Main.storyboard;
			sourceTree = "<group>";
		};
		720B9D8427D562D30004DDEA /* LaunchScreen.storyboard */ = {
			isa = PBXVariantGroup;
			children = (
				720B9D8527D562D30004DDEA /* Base */,
			);
			name = LaunchScreen.storyboard;
			sourceTree = "<group>";
		};
/* End PBXVariantGroup section */

/* Begin XCBuildConfiguration section */
		720B9D8827D562D30004DDEA /* Debug */ = {
			isa = XCBuildConfiguration;
			buildSettings = {
				ALWAYS_SEARCH_USER_PATHS = NO;
				CLANG_ANALYZER_NONNULL = YES;
				CLANG_ANALYZER_NUMBER_OBJECT_CONVERSION = YES_AGGRESSIVE;
				CLANG_CXX_LANGUAGE_STANDARD = "gnu++17";
				CLANG_CXX_LIBRARY = "libc++";
				CLANG_ENABLE_MODULES = YES;
				CLANG_ENABLE_OBJC_ARC = YES;
				CLANG_ENABLE_OBJC_WEAK = YES;
				CLANG_WARN_BLOCK_CAPTURE_AUTORELEASING = YES;
				CLANG_WARN_BOOL_CONVERSION = YES;
				CLANG_WARN_COMMA = YES;
				CLANG_WARN_CONSTANT_CONVERSION = YES;
				CLANG_WARN_DEPRECATED_OBJC_IMPLEMENTATIONS = YES;
				CLANG_WARN_DIRECT_OBJC_ISA_USAGE = YES_ERROR;
				CLANG_WARN_DOCUMENTATION_COMMENTS = YES;
				CLANG_WARN_EMPTY_BODY = YES;
				CLANG_WARN_ENUM_CONVERSION = YES;
				CLANG_WARN_INFINITE_RECURSION = YES;
				CLANG_WARN_INT_CONVERSION = YES;
				CLANG_WARN_NON_LITERAL_NULL_CONVERSION = YES;
				CLANG_WARN_OBJC_IMPLICIT_RETAIN_SELF = YES;
				CLANG_WARN_OBJC_LITERAL_CONVERSION = YES;
				CLANG_WARN_OBJC_ROOT_CLASS = YES_ERROR;
				CLANG_WARN_QUOTED_INCLUDE_IN_FRAMEWORK_HEADER = YES;
				CLANG_WARN_RANGE_LOOP_ANALYSIS = YES;
				CLANG_WARN_STRICT_PROTOTYPES = YES;
				CLANG_WARN_SUSPICIOUS_MOVE = YES;
				CLANG_WARN_UNGUARDED_AVAILABILITY = YES_AGGRESSIVE;
				CLANG_WARN_UNREACHABLE_CODE = YES;
				CLANG_WARN__DUPLICATE_METHOD_MATCH = YES;
				COPY_PHASE_STRIP = NO;
				DEBUG_INFORMATION_FORMAT = dwarf;
				ENABLE_STRICT_OBJC_MSGSEND = YES;
				ENABLE_TESTABILITY = YES;
				GCC_C_LANGUAGE_STANDARD = gnu11;
				GCC_DYNAMIC_NO_PIC = NO;
				GCC_NO_COMMON_BLOCKS = YES;
				GCC_OPTIMIZATION_LEVEL = 0;
				GCC_PREPROCESSOR_DEFINITIONS = (
					"DEBUG=1",
					"$(inherited)",
				);
				GCC_WARN_64_TO_32_BIT_CONVERSION = YES;
				GCC_WARN_ABOUT_RETURN_TYPE = YES_ERROR;
				GCC_WARN_UNDECLARED_SELECTOR = YES;
				GCC_WARN_UNINITIALIZED_AUTOS = YES_AGGRESSIVE;
				GCC_WARN_UNUSED_FUNCTION = YES;
				GCC_WARN_UNUSED_VARIABLE = YES;
				IPHONEOS_DEPLOYMENT_TARGET = 15.2;
				MTL_ENABLE_DEBUG_INFO = INCLUDE_SOURCE;
				MTL_FAST_MATH = YES;
				ONLY_ACTIVE_ARCH = YES;
				SDKROOT = iphoneos;
				SWIFT_ACTIVE_COMPILATION_CONDITIONS = DEBUG;
				SWIFT_OPTIMIZATION_LEVEL = "-Onone";
			};
			name = Debug;
		};
		720B9D8927D562D30004DDEA /* Release */ = {
			isa = XCBuildConfiguration;
			buildSettings = {
				ALWAYS_SEARCH_USER_PATHS = NO;
				CLANG_ANALYZER_NONNULL = YES;
				CLANG_ANALYZER_NUMBER_OBJECT_CONVERSION = YES_AGGRESSIVE;
				CLANG_CXX_LANGUAGE_STANDARD = "gnu++17";
				CLANG_CXX_LIBRARY = "libc++";
				CLANG_ENABLE_MODULES = YES;
				CLANG_ENABLE_OBJC_ARC = YES;
				CLANG_ENABLE_OBJC_WEAK = YES;
				CLANG_WARN_BLOCK_CAPTURE_AUTORELEASING = YES;
				CLANG_WARN_BOOL_CONVERSION = YES;
				CLANG_WARN_COMMA = YES;
				CLANG_WARN_CONSTANT_CONVERSION = YES;
				CLANG_WARN_DEPRECATED_OBJC_IMPLEMENTATIONS = YES;
				CLANG_WARN_DIRECT_OBJC_ISA_USAGE = YES_ERROR;
				CLANG_WARN_DOCUMENTATION_COMMENTS = YES;
				CLANG_WARN_EMPTY_BODY = YES;
				CLANG_WARN_ENUM_CONVERSION = YES;
				CLANG_WARN_INFINITE_RECURSION = YES;
				CLANG_WARN_INT_CONVERSION = YES;
				CLANG_WARN_NON_LITERAL_NULL_CONVERSION = YES;
				CLANG_WARN_OBJC_IMPLICIT_RETAIN_SELF = YES;
				CLANG_WARN_OBJC_LITERAL_CONVERSION = YES;
				CLANG_WARN_OBJC_ROOT_CLASS = YES_ERROR;
				CLANG_WARN_QUOTED_INCLUDE_IN_FRAMEWORK_HEADER = YES;
				CLANG_WARN_RANGE_LOOP_ANALYSIS = YES;
				CLANG_WARN_STRICT_PROTOTYPES = YES;
				CLANG_WARN_SUSPICIOUS_MOVE = YES;
				CLANG_WARN_UNGUARDED_AVAILABILITY = YES_AGGRESSIVE;
				CLANG_WARN_UNREACHABLE_CODE = YES;
				CLANG_WARN__DUPLICATE_METHOD_MATCH = YES;
				COPY_PHASE_STRIP = NO;
				DEBUG_INFORMATION_FORMAT = "dwarf-with-dsym";
				ENABLE_NS_ASSERTIONS = NO;
				ENABLE_STRICT_OBJC_MSGSEND = YES;
				GCC_C_LANGUAGE_STANDARD = gnu11;
				GCC_NO_COMMON_BLOCKS = YES;
				GCC_WARN_64_TO_32_BIT_CONVERSION = YES;
				GCC_WARN_ABOUT_RETURN_TYPE = YES_ERROR;
				GCC_WARN_UNDECLARED_SELECTOR = YES;
				GCC_WARN_UNINITIALIZED_AUTOS = YES_AGGRESSIVE;
				GCC_WARN_UNUSED_FUNCTION = YES;
				GCC_WARN_UNUSED_VARIABLE = YES;
				IPHONEOS_DEPLOYMENT_TARGET = 15.2;
				MTL_ENABLE_DEBUG_INFO = NO;
				MTL_FAST_MATH = YES;
				SDKROOT = iphoneos;
				SWIFT_COMPILATION_MODE = wholemodule;
				SWIFT_OPTIMIZATION_LEVEL = "-O";
				VALIDATE_PRODUCT = YES;
			};
			name = Release;
		};
		720B9D8B27D562D30004DDEA /* Debug */ = {
			isa = XCBuildConfiguration;
			baseConfigurationReference = 0D624177D9B93A2989AF9086 /* Pods-SnapChatClone.debug.xcconfig */;
			buildSettings = {
				ASSETCATALOG_COMPILER_APPICON_NAME = AppIcon;
				ASSETCATALOG_COMPILER_GLOBAL_ACCENT_COLOR_NAME = AccentColor;
				CODE_SIGN_STYLE = Automatic;
				CURRENT_PROJECT_VERSION = 1;
				DEVELOPMENT_TEAM = 9923AESJ53;
				GENERATE_INFOPLIST_FILE = YES;
				INFOPLIST_FILE = SnapChatClone/Info.plist;
				INFOPLIST_KEY_UIApplicationSupportsIndirectInputEvents = YES;
				INFOPLIST_KEY_UILaunchStoryboardName = LaunchScreen;
				INFOPLIST_KEY_UIMainStoryboardFile = Main;
				INFOPLIST_KEY_UISupportedInterfaceOrientations_iPad = "UIInterfaceOrientationPortrait UIInterfaceOrientationPortraitUpsideDown UIInterfaceOrientationLandscapeLeft UIInterfaceOrientationLandscapeRight";
				INFOPLIST_KEY_UISupportedInterfaceOrientations_iPhone = "UIInterfaceOrientationPortrait UIInterfaceOrientationLandscapeLeft UIInterfaceOrientationLandscapeRight";
				LD_RUNPATH_SEARCH_PATHS = (
					"$(inherited)",
					"@executable_path/Frameworks",
				);
				MARKETING_VERSION = 1.0;
				PRODUCT_BUNDLE_IDENTIFIER = com.ademdeliaslan.SnapChatClone;
				PRODUCT_NAME = "$(TARGET_NAME)";
				SWIFT_EMIT_LOC_STRINGS = YES;
				SWIFT_VERSION = 5.0;
				TARGETED_DEVICE_FAMILY = "1,2";
			};
			name = Debug;
		};
		720B9D8C27D562D30004DDEA /* Release */ = {
			isa = XCBuildConfiguration;
			baseConfigurationReference = 3AD2F0E20A76A8AE7DE8E512 /* Pods-SnapChatClone.release.xcconfig */;
			buildSettings = {
				ASSETCATALOG_COMPILER_APPICON_NAME = AppIcon;
				ASSETCATALOG_COMPILER_GLOBAL_ACCENT_COLOR_NAME = AccentColor;
				CODE_SIGN_STYLE = Automatic;
				CURRENT_PROJECT_VERSION = 1;
				DEVELOPMENT_TEAM = 9923AESJ53;
				GENERATE_INFOPLIST_FILE = YES;
				INFOPLIST_FILE = SnapChatClone/Info.plist;
				INFOPLIST_KEY_UIApplicationSupportsIndirectInputEvents = YES;
				INFOPLIST_KEY_UILaunchStoryboardName = LaunchScreen;
				INFOPLIST_KEY_UIMainStoryboardFile = Main;
				INFOPLIST_KEY_UISupportedInterfaceOrientations_iPad = "UIInterfaceOrientationPortrait UIInterfaceOrientationPortraitUpsideDown UIInterfaceOrientationLandscapeLeft UIInterfaceOrientationLandscapeRight";
				INFOPLIST_KEY_UISupportedInterfaceOrientations_iPhone = "UIInterfaceOrientationPortrait UIInterfaceOrientationLandscapeLeft UIInterfaceOrientationLandscapeRight";
				LD_RUNPATH_SEARCH_PATHS = (
					"$(inherited)",
					"@executable_path/Frameworks",
				);
				MARKETING_VERSION = 1.0;
				PRODUCT_BUNDLE_IDENTIFIER = com.ademdeliaslan.SnapChatClone;
				PRODUCT_NAME = "$(TARGET_NAME)";
				SWIFT_EMIT_LOC_STRINGS = YES;
				SWIFT_VERSION = 5.0;
				TARGETED_DEVICE_FAMILY = "1,2";
			};
			name = Release;
		};
/* End XCBuildConfiguration section */

/* Begin XCConfigurationList section */
		720B9D7127D562D30004DDEA /* Build configuration list for PBXProject "SnapChatClone" */ = {
			isa = XCConfigurationList;
			buildConfigurations = (
				720B9D8827D562D30004DDEA /* Debug */,
				720B9D8927D562D30004DDEA /* Release */,
			);
			defaultConfigurationIsVisible = 0;
			defaultConfigurationName = Release;
		};
		720B9D8A27D562D30004DDEA /* Build configuration list for PBXNativeTarget "SnapChatClone" */ = {
			isa = XCConfigurationList;
			buildConfigurations = (
				720B9D8B27D562D30004DDEA /* Debug */,
				720B9D8C27D562D30004DDEA /* Release */,
			);
			defaultConfigurationIsVisible = 0;
			defaultConfigurationName = Release;
		};
/* End XCConfigurationList section */
	};
	rootObject = 720B9D6E27D562D30004DDEA /* Project object */;
}
