// !$*UTF8*$!
{
	archiveVersion = 1;
	classes = {
	};
	objectVersion = 55;
	objects = {

/* Begin PBXBuildFile section */
		72D8EA5727F05A1F0031A42B /* AppDelegate.swift in Sources */ = {isa = PBXBuildFile; fileRef = 72D8EA5627F05A1F0031A42B /* AppDelegate.swift */; };
		72D8EA5927F05A1F0031A42B /* SceneDelegate.swift in Sources */ = {isa = PBXBuildFile; fileRef = 72D8EA5827F05A1F0031A42B /* SceneDelegate.swift */; };
		72D8EA5B27F05A1F0031A42B /* SignInCV.swift in Sources */ = {isa = PBXBuildFile; fileRef = 72D8EA5A27F05A1F0031A42B /* SignInCV.swift */; };
		72D8EA5E27F05A1F0031A42B /* Main.storyboard in Resources */ = {isa = PBXBuildFile; fileRef = 72D8EA5C27F05A1F0031A42B /* Main.storyboard */; };
		72D8EA6027F05A200031A42B /* Assets.xcassets in Resources */ = {isa = PBXBuildFile; fileRef = 72D8EA5F27F05A200031A42B /* Assets.xcassets */; };
		72D8EA6327F05A200031A42B /* LaunchScreen.storyboard in Resources */ = {isa = PBXBuildFile; fileRef = 72D8EA6127F05A200031A42B /* LaunchScreen.storyboard */; };
		72F7075327F05DDA005B016C /* FeedVC.swift in Sources */ = {isa = PBXBuildFile; fileRef = 72F7075227F05DDA005B016C /* FeedVC.swift */; };
		72F7075527F05DED005B016C /* UploadVC.swift in Sources */ = {isa = PBXBuildFile; fileRef = 72F7075427F05DED005B016C /* UploadVC.swift */; };
		89ADD1E4EF1B52E7629966CB /* Pods_InstaCloneWithParse.framework in Frameworks */ = {isa = PBXBuildFile; fileRef = D58B4E29646DD8CFF5281EDC /* Pods_InstaCloneWithParse.framework */; };
/* End PBXBuildFile section */

/* Begin PBXFileReference section */
		72D8EA5327F05A1F0031A42B /* InstaCloneWithParse.app */ = {isa = PBXFileReference; explicitFileType = wrapper.application; includeInIndex = 0; path = InstaCloneWithParse.app; sourceTree = BUILT_PRODUCTS_DIR; };
		72D8EA5627F05A1F0031A42B /* AppDelegate.swift */ = {isa = PBXFileReference; lastKnownFileType = sourcecode.swift; path = AppDelegate.swift; sourceTree = "<group>"; };
		72D8EA5827F05A1F0031A42B /* SceneDelegate.swift */ = {isa = PBXFileReference; lastKnownFileType = sourcecode.swift; path = SceneDelegate.swift; sourceTree = "<group>"; };
		72D8EA5A27F05A1F0031A42B /* SignInCV.swift */ = {isa = PBXFileReference; lastKnownFileType = sourcecode.swift; path = SignInCV.swift; sourceTree = "<group>"; };
		72D8EA5D27F05A1F0031A42B /* Base */ = {isa = PBXFileReference; lastKnownFileType = file.storyboard; name = Base; path = Base.lproj/Main.storyboard; sourceTree = "<group>"; };
		72D8EA5F27F05A200031A42B /* Assets.xcassets */ = {isa = PBXFileReference; lastKnownFileType = folder.assetcatalog; path = Assets.xcassets; sourceTree = "<group>"; };
		72D8EA6227F05A200031A42B /* Base */ = {isa = PBXFileReference; lastKnownFileType = file.storyboard; name = Base; path = Base.lproj/LaunchScreen.storyboard; sourceTree = "<group>"; };
		72D8EA6427F05A200031A42B /* Info.plist */ = {isa = PBXFileReference; lastKnownFileType = text.plist.xml; path = Info.plist; sourceTree = "<group>"; };
		72F7075227F05DDA005B016C /* FeedVC.swift */ = {isa = PBXFileReference; lastKnownFileType = sourcecode.swift; path = FeedVC.swift; sourceTree = "<group>"; };
		72F7075427F05DED005B016C /* UploadVC.swift */ = {isa = PBXFileReference; lastKnownFileType = sourcecode.swift; path = UploadVC.swift; sourceTree = "<group>"; };
		D58B4E29646DD8CFF5281EDC /* Pods_InstaCloneWithParse.framework */ = {isa = PBXFileReference; explicitFileType = wrapper.framework; includeInIndex = 0; path = Pods_InstaCloneWithParse.framework; sourceTree = BUILT_PRODUCTS_DIR; };
		F715200A72E5590BF0FF236D /* Pods-InstaCloneWithParse.debug.xcconfig */ = {isa = PBXFileReference; includeInIndex = 1; lastKnownFileType = text.xcconfig; name = "Pods-InstaCloneWithParse.debug.xcconfig"; path = "Target Support Files/Pods-InstaCloneWithParse/Pods-InstaCloneWithParse.debug.xcconfig"; sourceTree = "<group>"; };
		FE53420E781DC0316A7EADEC /* Pods-InstaCloneWithParse.release.xcconfig */ = {isa = PBXFileReference; includeInIndex = 1; lastKnownFileType = text.xcconfig; name = "Pods-InstaCloneWithParse.release.xcconfig"; path = "Target Support Files/Pods-InstaCloneWithParse/Pods-InstaCloneWithParse.release.xcconfig"; sourceTree = "<group>"; };
/* End PBXFileReference section */

/* Begin PBXFrameworksBuildPhase section */
		72D8EA5027F05A1F0031A42B /* Frameworks */ = {
			isa = PBXFrameworksBuildPhase;
			buildActionMask = 2147483647;
			files = (
				89ADD1E4EF1B52E7629966CB /* Pods_InstaCloneWithParse.framework in Frameworks */,
			);
			runOnlyForDeploymentPostprocessing = 0;
		};
/* End PBXFrameworksBuildPhase section */

/* Begin PBXGroup section */
		5E0A9AF713515EC5CE332166 /* Frameworks */ = {
			isa = PBXGroup;
			children = (
				D58B4E29646DD8CFF5281EDC /* Pods_InstaCloneWithParse.framework */,
			);
			name = Frameworks;
			sourceTree = "<group>";
		};
		72D8EA4A27F05A1F0031A42B = {
			isa = PBXGroup;
			children = (
				72D8EA5527F05A1F0031A42B /* InstaCloneWithParse */,
				72D8EA5427F05A1F0031A42B /* Products */,
				A87C2D2B80B6064C96DF07D5 /* Pods */,
				5E0A9AF713515EC5CE332166 /* Frameworks */,
			);
			sourceTree = "<group>";
		};
		72D8EA5427F05A1F0031A42B /* Products */ = {
			isa = PBXGroup;
			children = (
				72D8EA5327F05A1F0031A42B /* InstaCloneWithParse.app */,
			);
			name = Products;
			sourceTree = "<group>";
		};
		72D8EA5527F05A1F0031A42B /* InstaCloneWithParse */ = {
			isa = PBXGroup;
			children = (
				72D8EA5627F05A1F0031A42B /* AppDelegate.swift */,
				72D8EA5827F05A1F0031A42B /* SceneDelegate.swift */,
				72D8EA5A27F05A1F0031A42B /* SignInCV.swift */,
				72D8EA5C27F05A1F0031A42B /* Main.storyboard */,
				72D8EA5F27F05A200031A42B /* Assets.xcassets */,
				72D8EA6127F05A200031A42B /* LaunchScreen.storyboard */,
				72D8EA6427F05A200031A42B /* Info.plist */,
				72F7075227F05DDA005B016C /* FeedVC.swift */,
				72F7075427F05DED005B016C /* UploadVC.swift */,
			);
			path = InstaCloneWithParse;
			sourceTree = "<group>";
		};
		A87C2D2B80B6064C96DF07D5 /* Pods */ = {
			isa = PBXGroup;
			children = (
				F715200A72E5590BF0FF236D /* Pods-InstaCloneWithParse.debug.xcconfig */,
				FE53420E781DC0316A7EADEC /* Pods-InstaCloneWithParse.release.xcconfig */,
			);
			path = Pods;
			sourceTree = "<group>";
		};
/* End PBXGroup section */

/* Begin PBXNativeTarget section */
		72D8EA5227F05A1F0031A42B /* InstaCloneWithParse */ = {
			isa = PBXNativeTarget;
			buildConfigurationList = 72D8EA6727F05A200031A42B /* Build configuration list for PBXNativeTarget "InstaCloneWithParse" */;
			buildPhases = (
				2A068F1D55CCCF312FD8B9C0 /* [CP] Check Pods Manifest.lock */,
				72D8EA4F27F05A1F0031A42B /* Sources */,
				72D8EA5027F05A1F0031A42B /* Frameworks */,
				72D8EA5127F05A1F0031A42B /* Resources */,
				ECB8DE80A8EF952468D2BDD1 /* [CP] Embed Pods Frameworks */,
			);
			buildRules = (
			);
			dependencies = (
			);
			name = InstaCloneWithParse;
			productName = InstaCloneWithParse;
			productReference = 72D8EA5327F05A1F0031A42B /* InstaCloneWithParse.app */;
			productType = "com.apple.product-type.application";
		};
/* End PBXNativeTarget section */

/* Begin PBXProject section */
		72D8EA4B27F05A1F0031A42B /* Project object */ = {
			isa = PBXProject;
			attributes = {
				BuildIndependentTargetsInParallel = 1;
				LastSwiftUpdateCheck = 1330;
				LastUpgradeCheck = 1330;
				TargetAttributes = {
					72D8EA5227F05A1F0031A42B = {
						CreatedOnToolsVersion = 13.3;
					};
				};
			};
			buildConfigurationList = 72D8EA4E27F05A1F0031A42B /* Build configuration list for PBXProject "InstaCloneWithParse" */;
			compatibilityVersion = "Xcode 13.0";
			developmentRegion = en;
			hasScannedForEncodings = 0;
			knownRegions = (
				en,
				Base,
			);
			mainGroup = 72D8EA4A27F05A1F0031A42B;
			productRefGroup = 72D8EA5427F05A1F0031A42B /* Products */;
			projectDirPath = "";
			projectRoot = "";
			targets = (
				72D8EA5227F05A1F0031A42B /* InstaCloneWithParse */,
			);
		};
/* End PBXProject section */

/* Begin PBXResourcesBuildPhase section */
		72D8EA5127F05A1F0031A42B /* Resources */ = {
			isa = PBXResourcesBuildPhase;
			buildActionMask = 2147483647;
			files = (
				72D8EA6327F05A200031A42B /* LaunchScreen.storyboard in Resources */,
				72D8EA6027F05A200031A42B /* Assets.xcassets in Resources */,
				72D8EA5E27F05A1F0031A42B /* Main.storyboard in Resources */,
			);
			runOnlyForDeploymentPostprocessing = 0;
		};
/* End PBXResourcesBuildPhase section */

/* Begin PBXShellScriptBuildPhase section */
		2A068F1D55CCCF312FD8B9C0 /* [CP] Check Pods Manifest.lock */ = {
			isa = PBXShellScriptBuildPhase;
			buildActionMask = 2147483647;
			files = (
			);
			inputFileListPaths = (
			);
			inputPaths = (
				"${PODS_PODFILE_DIR_PATH}/Podfile.lock",
				"${PODS_ROOT}/Manifest.lock",
			);
			name = "[CP] Check Pods Manifest.lock";
			outputFileListPaths = (
			);
			outputPaths = (
				"$(DERIVED_FILE_DIR)/Pods-InstaCloneWithParse-checkManifestLockResult.txt",
			);
			runOnlyForDeploymentPostprocessing = 0;
			shellPath = /bin/sh;
			shellScript = "diff \"${PODS_PODFILE_DIR_PATH}/Podfile.lock\" \"${PODS_ROOT}/Manifest.lock\" > /dev/null\nif [ $? != 0 ] ; then\n    # print error to STDERR\n    echo \"error: The sandbox is not in sync with the Podfile.lock. Run 'pod install' or update your CocoaPods installation.\" >&2\n    exit 1\nfi\n# This output is used by Xcode 'outputs' to avoid re-running this script phase.\necho \"SUCCESS\" > \"${SCRIPT_OUTPUT_FILE_0}\"\n";
			showEnvVarsInLog = 0;
		};
		ECB8DE80A8EF952468D2BDD1 /* [CP] Embed Pods Frameworks */ = {
			isa = PBXShellScriptBuildPhase;
			buildActionMask = 2147483647;
			files = (
			);
			inputFileListPaths = (
				"${PODS_ROOT}/Target Support Files/Pods-InstaCloneWithParse/Pods-InstaCloneWithParse-frameworks-${CONFIGURATION}-input-files.xcfilelist",
			);
			name = "[CP] Embed Pods Frameworks";
			outputFileListPaths = (
				"${PODS_ROOT}/Target Support Files/Pods-InstaCloneWithParse/Pods-InstaCloneWithParse-frameworks-${CONFIGURATION}-output-files.xcfilelist",
			);
			runOnlyForDeploymentPostprocessing = 0;
			shellPath = /bin/sh;
			shellScript = "\"${PODS_ROOT}/Target Support Files/Pods-InstaCloneWithParse/Pods-InstaCloneWithParse-frameworks.sh\"\n";
			showEnvVarsInLog = 0;
		};
/* End PBXShellScriptBuildPhase section */

/* Begin PBXSourcesBuildPhase section */
		72D8EA4F27F05A1F0031A42B /* Sources */ = {
			isa = PBXSourcesBuildPhase;
			buildActionMask = 2147483647;
			files = (
				72F7075327F05DDA005B016C /* FeedVC.swift in Sources */,
				72D8EA5B27F05A1F0031A42B /* SignInCV.swift in Sources */,
				72D8EA5727F05A1F0031A42B /* AppDelegate.swift in Sources */,
				72F7075527F05DED005B016C /* UploadVC.swift in Sources */,
				72D8EA5927F05A1F0031A42B /* SceneDelegate.swift in Sources */,
			);
			runOnlyForDeploymentPostprocessing = 0;
		};
/* End PBXSourcesBuildPhase section */

/* Begin PBXVariantGroup section */
		72D8EA5C27F05A1F0031A42B /* Main.storyboard */ = {
			isa = PBXVariantGroup;
			children = (
				72D8EA5D27F05A1F0031A42B /* Base */,
			);
			name = Main.storyboard;
			sourceTree = "<group>";
		};
		72D8EA6127F05A200031A42B /* LaunchScreen.storyboard */ = {
			isa = PBXVariantGroup;
			children = (
				72D8EA6227F05A200031A42B /* Base */,
			);
			name = LaunchScreen.storyboard;
			sourceTree = "<group>";
		};
/* End PBXVariantGroup section */

/* Begin XCBuildConfiguration section */
		72D8EA6527F05A200031A42B /* Debug */ = {
			isa = XCBuildConfiguration;
			buildSettings = {
				ALWAYS_SEARCH_USER_PATHS = NO;
				CLANG_ANALYZER_NONNULL = YES;
				CLANG_ANALYZER_NUMBER_OBJECT_CONVERSION = YES_AGGRESSIVE;
				CLANG_CXX_LANGUAGE_STANDARD = "gnu++17";
				CLANG_ENABLE_MODULES = YES;
				CLANG_ENABLE_OBJC_ARC = YES;
				CLANG_ENABLE_OBJC_WEAK = YES;
				CLANG_WARN_BLOCK_CAPTURE_AUTORELEASING = YES;
				CLANG_WARN_BOOL_CONVERSION = YES;
				CLANG_WARN_COMMA = YES;
				CLANG_WARN_CONSTANT_CONVERSION = YES;
				CLANG_WARN_DEPRECATED_OBJC_IMPLEMENTATIONS = YES;
				CLANG_WARN_DIRECT_OBJC_ISA_USAGE = YES_ERROR;
				CLANG_WARN_DOCUMENTATION_COMMENTS = YES;
				CLANG_WARN_EMPTY_BODY = YES;
				CLANG_WARN_ENUM_CONVERSION = YES;
				CLANG_WARN_INFINITE_RECURSION = YES;
				CLANG_WARN_INT_CONVERSION = YES;
				CLANG_WARN_NON_LITERAL_NULL_CONVERSION = YES;
				CLANG_WARN_OBJC_IMPLICIT_RETAIN_SELF = YES;
				CLANG_WARN_OBJC_LITERAL_CONVERSION = YES;
				CLANG_WARN_OBJC_ROOT_CLASS = YES_ERROR;
				CLANG_WARN_QUOTED_INCLUDE_IN_FRAMEWORK_HEADER = YES;
				CLANG_WARN_RANGE_LOOP_ANALYSIS = YES;
				CLANG_WARN_STRICT_PROTOTYPES = YES;
				CLANG_WARN_SUSPICIOUS_MOVE = YES;
				CLANG_WARN_UNGUARDED_AVAILABILITY = YES_AGGRESSIVE;
				CLANG_WARN_UNREACHABLE_CODE = YES;
				CLANG_WARN__DUPLICATE_METHOD_MATCH = YES;
				COPY_PHASE_STRIP = NO;
				DEBUG_INFORMATION_FORMAT = dwarf;
				ENABLE_STRICT_OBJC_MSGSEND = YES;
				ENABLE_TESTABILITY = YES;
				GCC_C_LANGUAGE_STANDARD = gnu11;
				GCC_DYNAMIC_NO_PIC = NO;
				GCC_NO_COMMON_BLOCKS = YES;
				GCC_OPTIMIZATION_LEVEL = 0;
				GCC_PREPROCESSOR_DEFINITIONS = (
					"DEBUG=1",
					"$(inherited)",
				);
				GCC_WARN_64_TO_32_BIT_CONVERSION = YES;
				GCC_WARN_ABOUT_RETURN_TYPE = YES_ERROR;
				GCC_WARN_UNDECLARED_SELECTOR = YES;
				GCC_WARN_UNINITIALIZED_AUTOS = YES_AGGRESSIVE;
				GCC_WARN_UNUSED_FUNCTION = YES;
				GCC_WARN_UNUSED_VARIABLE = YES;
				IPHONEOS_DEPLOYMENT_TARGET = 15.4;
				MTL_ENABLE_DEBUG_INFO = INCLUDE_SOURCE;
				MTL_FAST_MATH = YES;
				ONLY_ACTIVE_ARCH = YES;
				SDKROOT = iphoneos;
				SWIFT_ACTIVE_COMPILATION_CONDITIONS = DEBUG;
				SWIFT_OPTIMIZATION_LEVEL = "-Onone";
			};
			name = Debug;
		};
		72D8EA6627F05A200031A42B /* Release */ = {
			isa = XCBuildConfiguration;
			buildSettings = {
				ALWAYS_SEARCH_USER_PATHS = NO;
				CLANG_ANALYZER_NONNULL = YES;
				CLANG_ANALYZER_NUMBER_OBJECT_CONVERSION = YES_AGGRESSIVE;
				CLANG_CXX_LANGUAGE_STANDARD = "gnu++17";
				CLANG_ENABLE_MODULES = YES;
				CLANG_ENABLE_OBJC_ARC = YES;
				CLANG_ENABLE_OBJC_WEAK = YES;
				CLANG_WARN_BLOCK_CAPTURE_AUTORELEASING = YES;
				CLANG_WARN_BOOL_CONVERSION = YES;
				CLANG_WARN_COMMA = YES;
				CLANG_WARN_CONSTANT_CONVERSION = YES;
				CLANG_WARN_DEPRECATED_OBJC_IMPLEMENTATIONS = YES;
				CLANG_WARN_DIRECT_OBJC_ISA_USAGE = YES_ERROR;
				CLANG_WARN_DOCUMENTATION_COMMENTS = YES;
				CLANG_WARN_EMPTY_BODY = YES;
				CLANG_WARN_ENUM_CONVERSION = YES;
				CLANG_WARN_INFINITE_RECURSION = YES;
				CLANG_WARN_INT_CONVERSION = YES;
				CLANG_WARN_NON_LITERAL_NULL_CONVERSION = YES;
				CLANG_WARN_OBJC_IMPLICIT_RETAIN_SELF = YES;
				CLANG_WARN_OBJC_LITERAL_CONVERSION = YES;
				CLANG_WARN_OBJC_ROOT_CLASS = YES_ERROR;
				CLANG_WARN_QUOTED_INCLUDE_IN_FRAMEWORK_HEADER = YES;
				CLANG_WARN_RANGE_LOOP_ANALYSIS = YES;
				CLANG_WARN_STRICT_PROTOTYPES = YES;
				CLANG_WARN_SUSPICIOUS_MOVE = YES;
				CLANG_WARN_UNGUARDED_AVAILABILITY = YES_AGGRESSIVE;
				CLANG_WARN_UNREACHABLE_CODE = YES;
				CLANG_WARN__DUPLICATE_METHOD_MATCH = YES;
				COPY_PHASE_STRIP = NO;
				DEBUG_INFORMATION_FORMAT = "dwarf-with-dsym";
				ENABLE_NS_ASSERTIONS = NO;
				ENABLE_STRICT_OBJC_MSGSEND = YES;
				GCC_C_LANGUAGE_STANDARD = gnu11;
				GCC_NO_COMMON_BLOCKS = YES;
				GCC_WARN_64_TO_32_BIT_CONVERSION = YES;
				GCC_WARN_ABOUT_RETURN_TYPE = YES_ERROR;
				GCC_WARN_UNDECLARED_SELECTOR = YES;
				GCC_WARN_UNINITIALIZED_AUTOS = YES_AGGRESSIVE;
				GCC_WARN_UNUSED_FUNCTION = YES;
				GCC_WARN_UNUSED_VARIABLE = YES;
				IPHONEOS_DEPLOYMENT_TARGET = 15.4;
				MTL_ENABLE_DEBUG_INFO = NO;
				MTL_FAST_MATH = YES;
				SDKROOT = iphoneos;
				SWIFT_COMPILATION_MODE = wholemodule;
				SWIFT_OPTIMIZATION_LEVEL = "-O";
				VALIDATE_PRODUCT = YES;
			};
			name = Release;
		};
		72D8EA6827F05A200031A42B /* Debug */ = {
			isa = XCBuildConfiguration;
			baseConfigurationReference = F715200A72E5590BF0FF236D /* Pods-InstaCloneWithParse.debug.xcconfig */;
			buildSettings = {
				ASSETCATALOG_COMPILER_APPICON_NAME = AppIcon;
				ASSETCATALOG_COMPILER_GLOBAL_ACCENT_COLOR_NAME = AccentColor;
				CODE_SIGN_STYLE = Automatic;
				CURRENT_PROJECT_VERSION = 1;
				DEVELOPMENT_TEAM = 9923AESJ53;
				GENERATE_INFOPLIST_FILE = YES;
				INFOPLIST_FILE = InstaCloneWithParse/Info.plist;
				INFOPLIST_KEY_UIApplicationSupportsIndirectInputEvents = YES;
				INFOPLIST_KEY_UILaunchStoryboardName = LaunchScreen;
				INFOPLIST_KEY_UIMainStoryboardFile = Main;
				INFOPLIST_KEY_UISupportedInterfaceOrientations_iPad = "UIInterfaceOrientationPortrait UIInterfaceOrientationPortraitUpsideDown UIInterfaceOrientationLandscapeLeft UIInterfaceOrientationLandscapeRight";
				INFOPLIST_KEY_UISupportedInterfaceOrientations_iPhone = "UIInterfaceOrientationPortrait UIInterfaceOrientationLandscapeLeft UIInterfaceOrientationLandscapeRight";
				LD_RUNPATH_SEARCH_PATHS = (
					"$(inherited)",
					"@executable_path/Frameworks",
				);
				MARKETING_VERSION = 1.0;
				PRODUCT_BUNDLE_IDENTIFIER = com.ademdeliaslan.InstaCloneWithParse;
				PRODUCT_NAME = "$(TARGET_NAME)";
				SWIFT_EMIT_LOC_STRINGS = YES;
				SWIFT_VERSION = 5.0;
				TARGETED_DEVICE_FAMILY = "1,2";
			};
			name = Debug;
		};
		72D8EA6927F05A200031A42B /* Release */ = {
			isa = XCBuildConfiguration;
			baseConfigurationReference = FE53420E781DC0316A7EADEC /* Pods-InstaCloneWithParse.release.xcconfig */;
			buildSettings = {
				ASSETCATALOG_COMPILER_APPICON_NAME = AppIcon;
				ASSETCATALOG_COMPILER_GLOBAL_ACCENT_COLOR_NAME = AccentColor;
				CODE_SIGN_STYLE = Automatic;
				CURRENT_PROJECT_VERSION = 1;
				DEVELOPMENT_TEAM = 9923AESJ53;
				GENERATE_INFOPLIST_FILE = YES;
				INFOPLIST_FILE = InstaCloneWithParse/Info.plist;
				INFOPLIST_KEY_UIApplicationSupportsIndirectInputEvents = YES;
				INFOPLIST_KEY_UILaunchStoryboardName = LaunchScreen;
				INFOPLIST_KEY_UIMainStoryboardFile = Main;
				INFOPLIST_KEY_UISupportedInterfaceOrientations_iPad = "UIInterfaceOrientationPortrait UIInterfaceOrientationPortraitUpsideDown UIInterfaceOrientationLandscapeLeft UIInterfaceOrientationLandscapeRight";
				INFOPLIST_KEY_UISupportedInterfaceOrientations_iPhone = "UIInterfaceOrientationPortrait UIInterfaceOrientationLandscapeLeft UIInterfaceOrientationLandscapeRight";
				LD_RUNPATH_SEARCH_PATHS = (
					"$(inherited)",
					"@executable_path/Frameworks",
				);
				MARKETING_VERSION = 1.0;
				PRODUCT_BUNDLE_IDENTIFIER = com.ademdeliaslan.InstaCloneWithParse;
				PRODUCT_NAME = "$(TARGET_NAME)";
				SWIFT_EMIT_LOC_STRINGS = YES;
				SWIFT_VERSION = 5.0;
				TARGETED_DEVICE_FAMILY = "1,2";
			};
			name = Release;
		};
/* End XCBuildConfiguration section */

/* Begin XCConfigurationList section */
		72D8EA4E27F05A1F0031A42B /* Build configuration list for PBXProject "InstaCloneWithParse" */ = {
			isa = XCConfigurationList;
			buildConfigurations = (
				72D8EA6527F05A200031A42B /* Debug */,
				72D8EA6627F05A200031A42B /* Release */,
			);
			defaultConfigurationIsVisible = 0;
			defaultConfigurationName = Release;
		};
		72D8EA6727F05A200031A42B /* Build configuration list for PBXNativeTarget "InstaCloneWithParse" */ = {
			isa = XCConfigurationList;
			buildConfigurations = (
				72D8EA6827F05A200031A42B /* Debug */,
				72D8EA6927F05A200031A42B /* Release */,
			);
			defaultConfigurationIsVisible = 0;
			defaultConfigurationName = Release;
		};
/* End XCConfigurationList section */
	};
	rootObject = 72D8EA4B27F05A1F0031A42B /* Project object */;
}
