// !$*UTF8*$!
{
	archiveVersion = 1;
	classes = {
	};
	objectVersion = 55;
	objects = {

/* Begin PBXBuildFile section */
		72060B52280EAC7E001FAD94 /* HomeView.swift in Sources */ = {isa = PBXBuildFile; fileRef = 72060B51280EAC7E001FAD94 /* HomeView.swift */; };
		7236D47B280DFBC0005A2FD9 /* DetailsViewModel.swift in Sources */ = {isa = PBXBuildFile; fileRef = 7236D47A280DFBC0005A2FD9 /* DetailsViewModel.swift */; };
		7236D47D280DFCE5005A2FD9 /* DetailsView.swift in Sources */ = {isa = PBXBuildFile; fileRef = 7236D47C280DFCE5005A2FD9 /* DetailsView.swift */; };
		7236D47F280E14C0005A2FD9 /* Models.swift in Sources */ = {isa = PBXBuildFile; fileRef = 7236D47E280E14C0005A2FD9 /* Models.swift */; };
		726C6CA0280B5D08009CD42F /* AthenaeumApp.swift in Sources */ = {isa = PBXBuildFile; fileRef = 726C6C9F280B5D08009CD42F /* AthenaeumApp.swift */; };
		726C6CA2280B5D08009CD42F /* ContentView.swift in Sources */ = {isa = PBXBuildFile; fileRef = 726C6CA1280B5D08009CD42F /* ContentView.swift */; };
		726C6CA4280B5D08009CD42F /* Assets.xcassets in Resources */ = {isa = PBXBuildFile; fileRef = 726C6CA3280B5D08009CD42F /* Assets.xcassets */; };
		726C6CA7280B5D08009CD42F /* Preview Assets.xcassets in Resources */ = {isa = PBXBuildFile; fileRef = 726C6CA6280B5D08009CD42F /* Preview Assets.xcassets */; };
		726C6CAE280B627D009CD42F /* RowView.swift in Sources */ = {isa = PBXBuildFile; fileRef = 726C6CAD280B627D009CD42F /* RowView.swift */; };
		726C6CB0280B639A009CD42F /* ColorExtension.swift in Sources */ = {isa = PBXBuildFile; fileRef = 726C6CAF280B639A009CD42F /* ColorExtension.swift */; };
		726C6CB2280B681C009CD42F /* BookModel.swift in Sources */ = {isa = PBXBuildFile; fileRef = 726C6CB1280B681C009CD42F /* BookModel.swift */; };
		726C6CB4280B69EF009CD42F /* UserModel.swift in Sources */ = {isa = PBXBuildFile; fileRef = 726C6CB3280B69EF009CD42F /* UserModel.swift */; };
		726C6CB6280B6A8F009CD42F /* BookData.swift in Sources */ = {isa = PBXBuildFile; fileRef = 726C6CB5280B6A8F009CD42F /* BookData.swift */; };
		726C6CBD280C11A0009CD42F /* RowViewModel.swift in Sources */ = {isa = PBXBuildFile; fileRef = 726C6CBC280C11A0009CD42F /* RowViewModel.swift */; };
		726C6CC1280C3B8D009CD42F /* FontModifier.swift in Sources */ = {isa = PBXBuildFile; fileRef = 726C6CC0280C3B8D009CD42F /* FontModifier.swift */; };
/* End PBXBuildFile section */

/* Begin PBXFileReference section */
		72060B51280EAC7E001FAD94 /* HomeView.swift */ = {isa = PBXFileReference; lastKnownFileType = sourcecode.swift; path = HomeView.swift; sourceTree = "<group>"; };
		7236D47A280DFBC0005A2FD9 /* DetailsViewModel.swift */ = {isa = PBXFileReference; lastKnownFileType = sourcecode.swift; path = DetailsViewModel.swift; sourceTree = "<group>"; };
		7236D47C280DFCE5005A2FD9 /* DetailsView.swift */ = {isa = PBXFileReference; lastKnownFileType = sourcecode.swift; path = DetailsView.swift; sourceTree = "<group>"; };
		7236D47E280E14C0005A2FD9 /* Models.swift */ = {isa = PBXFileReference; lastKnownFileType = sourcecode.swift; path = Models.swift; sourceTree = "<group>"; };
		726C6C9C280B5D08009CD42F /* Athenaeum.app */ = {isa = PBXFileReference; explicitFileType = wrapper.application; includeInIndex = 0; path = Athenaeum.app; sourceTree = BUILT_PRODUCTS_DIR; };
		726C6C9F280B5D08009CD42F /* AthenaeumApp.swift */ = {isa = PBXFileReference; lastKnownFileType = sourcecode.swift; path = AthenaeumApp.swift; sourceTree = "<group>"; };
		726C6CA1280B5D08009CD42F /* ContentView.swift */ = {isa = PBXFileReference; lastKnownFileType = sourcecode.swift; path = ContentView.swift; sourceTree = "<group>"; };
		726C6CA3280B5D08009CD42F /* Assets.xcassets */ = {isa = PBXFileReference; lastKnownFileType = folder.assetcatalog; path = Assets.xcassets; sourceTree = "<group>"; };
		726C6CA6280B5D08009CD42F /* Preview Assets.xcassets */ = {isa = PBXFileReference; lastKnownFileType = folder.assetcatalog; path = "Preview Assets.xcassets"; sourceTree = "<group>"; };
		726C6CAD280B627D009CD42F /* RowView.swift */ = {isa = PBXFileReference; lastKnownFileType = sourcecode.swift; path = RowView.swift; sourceTree = "<group>"; };
		726C6CAF280B639A009CD42F /* ColorExtension.swift */ = {isa = PBXFileReference; lastKnownFileType = sourcecode.swift; path = ColorExtension.swift; sourceTree = "<group>"; };
		726C6CB1280B681C009CD42F /* BookModel.swift */ = {isa = PBXFileReference; lastKnownFileType = sourcecode.swift; path = BookModel.swift; sourceTree = "<group>"; };
		726C6CB3280B69EF009CD42F /* UserModel.swift */ = {isa = PBXFileReference; lastKnownFileType = sourcecode.swift; path = UserModel.swift; sourceTree = "<group>"; };
		726C6CB5280B6A8F009CD42F /* BookData.swift */ = {isa = PBXFileReference; lastKnownFileType = sourcecode.swift; path = BookData.swift; sourceTree = "<group>"; };
		726C6CBC280C11A0009CD42F /* RowViewModel.swift */ = {isa = PBXFileReference; lastKnownFileType = sourcecode.swift; path = RowViewModel.swift; sourceTree = "<group>"; };
		726C6CBF280C2F34009CD42F /* KGMissKindergarten.ttf */ = {isa = PBXFileReference; lastKnownFileType = file; path = KGMissKindergarten.ttf; sourceTree = "<group>"; };
		726C6CC0280C3B8D009CD42F /* FontModifier.swift */ = {isa = PBXFileReference; lastKnownFileType = sourcecode.swift; path = FontModifier.swift; sourceTree = "<group>"; };
		726C6CC2280C4C48009CD42F /* Sailec-Bold.ttf */ = {isa = PBXFileReference; lastKnownFileType = file; path = "Sailec-Bold.ttf"; sourceTree = "<group>"; };
		726C6CC3280C4C48009CD42F /* Sailec.ttf */ = {isa = PBXFileReference; lastKnownFileType = file; path = Sailec.ttf; sourceTree = "<group>"; };
		726C6CC4280C4C48009CD42F /* Sailec-Medium.ttf */ = {isa = PBXFileReference; lastKnownFileType = file; path = "Sailec-Medium.ttf"; sourceTree = "<group>"; };
/* End PBXFileReference section */

/* Begin PBXFrameworksBuildPhase section */
		726C6C99280B5D08009CD42F /* Frameworks */ = {
			isa = PBXFrameworksBuildPhase;
			buildActionMask = 2147483647;
			files = (
			);
			runOnlyForDeploymentPostprocessing = 0;
		};
/* End PBXFrameworksBuildPhase section */

/* Begin PBXGroup section */
		726C6C93280B5D08009CD42F = {
			isa = PBXGroup;
			children = (
				726C6C9E280B5D08009CD42F /* Athenaeum */,
				726C6C9D280B5D08009CD42F /* Products */,
			);
			sourceTree = "<group>";
		};
		726C6C9D280B5D08009CD42F /* Products */ = {
			isa = PBXGroup;
			children = (
				726C6C9C280B5D08009CD42F /* Athenaeum.app */,
			);
			name = Products;
			sourceTree = "<group>";
		};
		726C6C9E280B5D08009CD42F /* Athenaeum */ = {
			isa = PBXGroup;
			children = (
				726C6CBE280C2EE4009CD42F /* Font */,
				726C6CBB280B7020009CD42F /* Data */,
				726C6CBA280B7010009CD42F /* Helpers */,
				726C6CB9280B6FFA009CD42F /* Model */,
				726C6CB8280B6FEE009CD42F /* ViewModel */,
				726C6CB7280B6FE8009CD42F /* View */,
				726C6C9F280B5D08009CD42F /* AthenaeumApp.swift */,
				726C6CA3280B5D08009CD42F /* Assets.xcassets */,
				726C6CA5280B5D08009CD42F /* Preview Content */,
			);
			path = Athenaeum;
			sourceTree = "<group>";
		};
		726C6CA5280B5D08009CD42F /* Preview Content */ = {
			isa = PBXGroup;
			children = (
				726C6CA6280B5D08009CD42F /* Preview Assets.xcassets */,
			);
			path = "Preview Content";
			sourceTree = "<group>";
		};
		726C6CB7280B6FE8009CD42F /* View */ = {
			isa = PBXGroup;
			children = (
				726C6CA1280B5D08009CD42F /* ContentView.swift */,
				726C6CAD280B627D009CD42F /* RowView.swift */,
				7236D47C280DFCE5005A2FD9 /* DetailsView.swift */,
				72060B51280EAC7E001FAD94 /* HomeView.swift */,
			);
			path = View;
			sourceTree = "<group>";
		};
		726C6CB8280B6FEE009CD42F /* ViewModel */ = {
			isa = PBXGroup;
			children = (
				726C6CBC280C11A0009CD42F /* RowViewModel.swift */,
				7236D47A280DFBC0005A2FD9 /* DetailsViewModel.swift */,
			);
			path = ViewModel;
			sourceTree = "<group>";
		};
		726C6CB9280B6FFA009CD42F /* Model */ = {
			isa = PBXGroup;
			children = (
				726C6CB1280B681C009CD42F /* BookModel.swift */,
				726C6CB3280B69EF009CD42F /* UserModel.swift */,
			);
			path = Model;
			sourceTree = "<group>";
		};
		726C6CBA280B7010009CD42F /* Helpers */ = {
			isa = PBXGroup;
			children = (
				726C6CAF280B639A009CD42F /* ColorExtension.swift */,
				726C6CC0280C3B8D009CD42F /* FontModifier.swift */,
				7236D47E280E14C0005A2FD9 /* Models.swift */,
			);
			path = Helpers;
			sourceTree = "<group>";
		};
		726C6CBB280B7020009CD42F /* Data */ = {
			isa = PBXGroup;
			children = (
				726C6CB5280B6A8F009CD42F /* BookData.swift */,
			);
			path = Data;
			sourceTree = "<group>";
		};
		726C6CBE280C2EE4009CD42F /* Font */ = {
			isa = PBXGroup;
			children = (
				726C6CC2280C4C48009CD42F /* Sailec-Bold.ttf */,
				726C6CC4280C4C48009CD42F /* Sailec-Medium.ttf */,
				726C6CC3280C4C48009CD42F /* Sailec.ttf */,
				726C6CBF280C2F34009CD42F /* KGMissKindergarten.ttf */,
			);
			path = Font;
			sourceTree = "<group>";
		};
/* End PBXGroup section */

/* Begin PBXNativeTarget section */
		726C6C9B280B5D08009CD42F /* Athenaeum */ = {
			isa = PBXNativeTarget;
			buildConfigurationList = 726C6CAA280B5D08009CD42F /* Build configuration list for PBXNativeTarget "Athenaeum" */;
			buildPhases = (
				726C6C98280B5D08009CD42F /* Sources */,
				726C6C99280B5D08009CD42F /* Frameworks */,
				726C6C9A280B5D08009CD42F /* Resources */,
			);
			buildRules = (
			);
			dependencies = (
			);
			name = Athenaeum;
			productName = Athenaeum;
			productReference = 726C6C9C280B5D08009CD42F /* Athenaeum.app */;
			productType = "com.apple.product-type.application";
		};
/* End PBXNativeTarget section */

/* Begin PBXProject section */
		726C6C94280B5D08009CD42F /* Project object */ = {
			isa = PBXProject;
			attributes = {
				BuildIndependentTargetsInParallel = 1;
				LastSwiftUpdateCheck = 1330;
				LastUpgradeCheck = 1330;
				TargetAttributes = {
					726C6C9B280B5D08009CD42F = {
						CreatedOnToolsVersion = 13.3;
					};
				};
			};
			buildConfigurationList = 726C6C97280B5D08009CD42F /* Build configuration list for PBXProject "Athenaeum" */;
			compatibilityVersion = "Xcode 13.0";
			developmentRegion = en;
			hasScannedForEncodings = 0;
			knownRegions = (
				en,
				Base,
			);
			mainGroup = 726C6C93280B5D08009CD42F;
			productRefGroup = 726C6C9D280B5D08009CD42F /* Products */;
			projectDirPath = "";
			projectRoot = "";
			targets = (
				726C6C9B280B5D08009CD42F /* Athenaeum */,
			);
		};
/* End PBXProject section */

/* Begin PBXResourcesBuildPhase section */
		726C6C9A280B5D08009CD42F /* Resources */ = {
			isa = PBXResourcesBuildPhase;
			buildActionMask = 2147483647;
			files = (
				726C6CA7280B5D08009CD42F /* Preview Assets.xcassets in Resources */,
				726C6CA4280B5D08009CD42F /* Assets.xcassets in Resources */,
			);
			runOnlyForDeploymentPostprocessing = 0;
		};
/* End PBXResourcesBuildPhase section */

/* Begin PBXSourcesBuildPhase section */
		726C6C98280B5D08009CD42F /* Sources */ = {
			isa = PBXSourcesBuildPhase;
			buildActionMask = 2147483647;
			files = (
				726C6CB2280B681C009CD42F /* BookModel.swift in Sources */,
				726C6CB6280B6A8F009CD42F /* BookData.swift in Sources */,
				72060B52280EAC7E001FAD94 /* HomeView.swift in Sources */,
				726C6CC1280C3B8D009CD42F /* FontModifier.swift in Sources */,
				7236D47F280E14C0005A2FD9 /* Models.swift in Sources */,
				726C6CA2280B5D08009CD42F /* ContentView.swift in Sources */,
				726C6CBD280C11A0009CD42F /* RowViewModel.swift in Sources */,
				726C6CAE280B627D009CD42F /* RowView.swift in Sources */,
				7236D47D280DFCE5005A2FD9 /* DetailsView.swift in Sources */,
				726C6CA0280B5D08009CD42F /* AthenaeumApp.swift in Sources */,
				7236D47B280DFBC0005A2FD9 /* DetailsViewModel.swift in Sources */,
				726C6CB4280B69EF009CD42F /* UserModel.swift in Sources */,
				726C6CB0280B639A009CD42F /* ColorExtension.swift in Sources */,
			);
			runOnlyForDeploymentPostprocessing = 0;
		};
/* End PBXSourcesBuildPhase section */

/* Begin XCBuildConfiguration section */
		726C6CA8280B5D08009CD42F /* Debug */ = {
			isa = XCBuildConfiguration;
			buildSettings = {
				ALWAYS_SEARCH_USER_PATHS = NO;
				CLANG_ANALYZER_NONNULL = YES;
				CLANG_ANALYZER_NUMBER_OBJECT_CONVERSION = YES_AGGRESSIVE;
				CLANG_CXX_LANGUAGE_STANDARD = "gnu++17";
				CLANG_ENABLE_MODULES = YES;
				CLANG_ENABLE_OBJC_ARC = YES;
				CLANG_ENABLE_OBJC_WEAK = YES;
				CLANG_WARN_BLOCK_CAPTURE_AUTORELEASING = YES;
				CLANG_WARN_BOOL_CONVERSION = YES;
				CLANG_WARN_COMMA = YES;
				CLANG_WARN_CONSTANT_CONVERSION = YES;
				CLANG_WARN_DEPRECATED_OBJC_IMPLEMENTATIONS = YES;
				CLANG_WARN_DIRECT_OBJC_ISA_USAGE = YES_ERROR;
				CLANG_WARN_DOCUMENTATION_COMMENTS = YES;
				CLANG_WARN_EMPTY_BODY = YES;
				CLANG_WARN_ENUM_CONVERSION = YES;
				CLANG_WARN_INFINITE_RECURSION = YES;
				CLANG_WARN_INT_CONVERSION = YES;
				CLANG_WARN_NON_LITERAL_NULL_CONVERSION = YES;
				CLANG_WARN_OBJC_IMPLICIT_RETAIN_SELF = YES;
				CLANG_WARN_OBJC_LITERAL_CONVERSION = YES;
				CLANG_WARN_OBJC_ROOT_CLASS = YES_ERROR;
				CLANG_WARN_QUOTED_INCLUDE_IN_FRAMEWORK_HEADER = YES;
				CLANG_WARN_RANGE_LOOP_ANALYSIS = YES;
				CLANG_WARN_STRICT_PROTOTYPES = YES;
				CLANG_WARN_SUSPICIOUS_MOVE = YES;
				CLANG_WARN_UNGUARDED_AVAILABILITY = YES_AGGRESSIVE;
				CLANG_WARN_UNREACHABLE_CODE = YES;
				CLANG_WARN__DUPLICATE_METHOD_MATCH = YES;
				COPY_PHASE_STRIP = NO;
				DEBUG_INFORMATION_FORMAT = dwarf;
				ENABLE_STRICT_OBJC_MSGSEND = YES;
				ENABLE_TESTABILITY = YES;
				GCC_C_LANGUAGE_STANDARD = gnu11;
				GCC_DYNAMIC_NO_PIC = NO;
				GCC_NO_COMMON_BLOCKS = YES;
				GCC_OPTIMIZATION_LEVEL = 0;
				GCC_PREPROCESSOR_DEFINITIONS = (
					"DEBUG=1",
					"$(inherited)",
				);
				GCC_WARN_64_TO_32_BIT_CONVERSION = YES;
				GCC_WARN_ABOUT_RETURN_TYPE = YES_ERROR;
				GCC_WARN_UNDECLARED_SELECTOR = YES;
				GCC_WARN_UNINITIALIZED_AUTOS = YES_AGGRESSIVE;
				GCC_WARN_UNUSED_FUNCTION = YES;
				GCC_WARN_UNUSED_VARIABLE = YES;
				IPHONEOS_DEPLOYMENT_TARGET = 15.4;
				MTL_ENABLE_DEBUG_INFO = INCLUDE_SOURCE;
				MTL_FAST_MATH = YES;
				ONLY_ACTIVE_ARCH = YES;
				SDKROOT = iphoneos;
				SWIFT_ACTIVE_COMPILATION_CONDITIONS = DEBUG;
				SWIFT_OPTIMIZATION_LEVEL = "-Onone";
			};
			name = Debug;
		};
		726C6CA9280B5D08009CD42F /* Release */ = {
			isa = XCBuildConfiguration;
			buildSettings = {
				ALWAYS_SEARCH_USER_PATHS = NO;
				CLANG_ANALYZER_NONNULL = YES;
				CLANG_ANALYZER_NUMBER_OBJECT_CONVERSION = YES_AGGRESSIVE;
				CLANG_CXX_LANGUAGE_STANDARD = "gnu++17";
				CLANG_ENABLE_MODULES = YES;
				CLANG_ENABLE_OBJC_ARC = YES;
				CLANG_ENABLE_OBJC_WEAK = YES;
				CLANG_WARN_BLOCK_CAPTURE_AUTORELEASING = YES;
				CLANG_WARN_BOOL_CONVERSION = YES;
				CLANG_WARN_COMMA = YES;
				CLANG_WARN_CONSTANT_CONVERSION = YES;
				CLANG_WARN_DEPRECATED_OBJC_IMPLEMENTATIONS = YES;
				CLANG_WARN_DIRECT_OBJC_ISA_USAGE = YES_ERROR;
				CLANG_WARN_DOCUMENTATION_COMMENTS = YES;
				CLANG_WARN_EMPTY_BODY = YES;
				CLANG_WARN_ENUM_CONVERSION = YES;
				CLANG_WARN_INFINITE_RECURSION = YES;
				CLANG_WARN_INT_CONVERSION = YES;
				CLANG_WARN_NON_LITERAL_NULL_CONVERSION = YES;
				CLANG_WARN_OBJC_IMPLICIT_RETAIN_SELF = YES;
				CLANG_WARN_OBJC_LITERAL_CONVERSION = YES;
				CLANG_WARN_OBJC_ROOT_CLASS = YES_ERROR;
				CLANG_WARN_QUOTED_INCLUDE_IN_FRAMEWORK_HEADER = YES;
				CLANG_WARN_RANGE_LOOP_ANALYSIS = YES;
				CLANG_WARN_STRICT_PROTOTYPES = YES;
				CLANG_WARN_SUSPICIOUS_MOVE = YES;
				CLANG_WARN_UNGUARDED_AVAILABILITY = YES_AGGRESSIVE;
				CLANG_WARN_UNREACHABLE_CODE = YES;
				CLANG_WARN__DUPLICATE_METHOD_MATCH = YES;
				COPY_PHASE_STRIP = NO;
				DEBUG_INFORMATION_FORMAT = "dwarf-with-dsym";
				ENABLE_NS_ASSERTIONS = NO;
				ENABLE_STRICT_OBJC_MSGSEND = YES;
				GCC_C_LANGUAGE_STANDARD = gnu11;
				GCC_NO_COMMON_BLOCKS = YES;
				GCC_WARN_64_TO_32_BIT_CONVERSION = YES;
				GCC_WARN_ABOUT_RETURN_TYPE = YES_ERROR;
				GCC_WARN_UNDECLARED_SELECTOR = YES;
				GCC_WARN_UNINITIALIZED_AUTOS = YES_AGGRESSIVE;
				GCC_WARN_UNUSED_FUNCTION = YES;
				GCC_WARN_UNUSED_VARIABLE = YES;
				IPHONEOS_DEPLOYMENT_TARGET = 15.4;
				MTL_ENABLE_DEBUG_INFO = NO;
				MTL_FAST_MATH = YES;
				SDKROOT = iphoneos;
				SWIFT_COMPILATION_MODE = wholemodule;
				SWIFT_OPTIMIZATION_LEVEL = "-O";
				VALIDATE_PRODUCT = YES;
			};
			name = Release;
		};
		726C6CAB280B5D08009CD42F /* Debug */ = {
			isa = XCBuildConfiguration;
			buildSettings = {
				ASSETCATALOG_COMPILER_APPICON_NAME = AppIcon;
				ASSETCATALOG_COMPILER_GLOBAL_ACCENT_COLOR_NAME = AccentColor;
				CODE_SIGN_STYLE = Automatic;
				CURRENT_PROJECT_VERSION = 1;
				DEVELOPMENT_ASSET_PATHS = "\"Athenaeum/Preview Content\"";
				DEVELOPMENT_TEAM = 9923AESJ53;
				ENABLE_PREVIEWS = YES;
				GENERATE_INFOPLIST_FILE = YES;
				INFOPLIST_KEY_UIApplicationSceneManifest_Generation = YES;
				INFOPLIST_KEY_UIApplicationSupportsIndirectInputEvents = YES;
				INFOPLIST_KEY_UILaunchScreen_Generation = YES;
				INFOPLIST_KEY_UISupportedInterfaceOrientations_iPad = "UIInterfaceOrientationPortrait UIInterfaceOrientationPortraitUpsideDown UIInterfaceOrientationLandscapeLeft UIInterfaceOrientationLandscapeRight";
				INFOPLIST_KEY_UISupportedInterfaceOrientations_iPhone = "UIInterfaceOrientationPortrait UIInterfaceOrientationLandscapeLeft UIInterfaceOrientationLandscapeRight";
				LD_RUNPATH_SEARCH_PATHS = (
					"$(inherited)",
					"@executable_path/Frameworks",
				);
				MARKETING_VERSION = 1.0;
				PRODUCT_BUNDLE_IDENTIFIER = com.ademdeliaslan.Athenaeum;
				PRODUCT_NAME = "$(TARGET_NAME)";
				SWIFT_EMIT_LOC_STRINGS = YES;
				SWIFT_VERSION = 5.0;
				TARGETED_DEVICE_FAMILY = "1,2";
			};
			name = Debug;
		};
		726C6CAC280B5D08009CD42F /* Release */ = {
			isa = XCBuildConfiguration;
			buildSettings = {
				ASSETCATALOG_COMPILER_APPICON_NAME = AppIcon;
				ASSETCATALOG_COMPILER_GLOBAL_ACCENT_COLOR_NAME = AccentColor;
				CODE_SIGN_STYLE = Automatic;
				CURRENT_PROJECT_VERSION = 1;
				DEVELOPMENT_ASSET_PATHS = "\"Athenaeum/Preview Content\"";
				DEVELOPMENT_TEAM = 9923AESJ53;
				ENABLE_PREVIEWS = YES;
				GENERATE_INFOPLIST_FILE = YES;
				INFOPLIST_KEY_UIApplicationSceneManifest_Generation = YES;
				INFOPLIST_KEY_UIApplicationSupportsIndirectInputEvents = YES;
				INFOPLIST_KEY_UILaunchScreen_Generation = YES;
				INFOPLIST_KEY_UISupportedInterfaceOrientations_iPad = "UIInterfaceOrientationPortrait UIInterfaceOrientationPortraitUpsideDown UIInterfaceOrientationLandscapeLeft UIInterfaceOrientationLandscapeRight";
				INFOPLIST_KEY_UISupportedInterfaceOrientations_iPhone = "UIInterfaceOrientationPortrait UIInterfaceOrientationLandscapeLeft UIInterfaceOrientationLandscapeRight";
				LD_RUNPATH_SEARCH_PATHS = (
					"$(inherited)",
					"@executable_path/Frameworks",
				);
				MARKETING_VERSION = 1.0;
				PRODUCT_BUNDLE_IDENTIFIER = com.ademdeliaslan.Athenaeum;
				PRODUCT_NAME = "$(TARGET_NAME)";
				SWIFT_EMIT_LOC_STRINGS = YES;
				SWIFT_VERSION = 5.0;
				TARGETED_DEVICE_FAMILY = "1,2";
			};
			name = Release;
		};
/* End XCBuildConfiguration section */

/* Begin XCConfigurationList section */
		726C6C97280B5D08009CD42F /* Build configuration list for PBXProject "Athenaeum" */ = {
			isa = XCConfigurationList;
			buildConfigurations = (
				726C6CA8280B5D08009CD42F /* Debug */,
				726C6CA9280B5D08009CD42F /* Release */,
			);
			defaultConfigurationIsVisible = 0;
			defaultConfigurationName = Release;
		};
		726C6CAA280B5D08009CD42F /* Build configuration list for PBXNativeTarget "Athenaeum" */ = {
			isa = XCConfigurationList;
			buildConfigurations = (
				726C6CAB280B5D08009CD42F /* Debug */,
				726C6CAC280B5D08009CD42F /* Release */,
			);
			defaultConfigurationIsVisible = 0;
			defaultConfigurationName = Release;
		};
/* End XCConfigurationList section */
	};
	rootObject = 726C6C94280B5D08009CD42F /* Project object */;
}
